// !$*UTF8*$!
{
	archiveVersion = 1;
	classes = {
	};
	objectVersion = 55;
	objects = {

/* Begin PBXBuildFile section */
		C53ED62327856B5000397910 /* ShaarliClient.swift in Sources */ = {isa = PBXBuildFile; fileRef = C53ED62227856B5000397910 /* ShaarliClient.swift */; };
		C53ED62427856B5000397910 /* ShaarliClient.swift in Sources */ = {isa = PBXBuildFile; fileRef = C53ED62227856B5000397910 /* ShaarliClient.swift */; };
		C53ED62727856CE900397910 /* LinkStore.swift in Sources */ = {isa = PBXBuildFile; fileRef = C53ED62627856CE900397910 /* LinkStore.swift */; };
		C53ED62827856CE900397910 /* LinkStore.swift in Sources */ = {isa = PBXBuildFile; fileRef = C53ED62627856CE900397910 /* LinkStore.swift */; };
		C5782B312781E97900321138 /* LinkItemView.swift in Sources */ = {isa = PBXBuildFile; fileRef = C5782B302781E97900321138 /* LinkItemView.swift */; };
		C5782B322781E97900321138 /* LinkItemView.swift in Sources */ = {isa = PBXBuildFile; fileRef = C5782B302781E97900321138 /* LinkItemView.swift */; };
		C5782B342782E4A000321138 /* SettingsView.swift in Sources */ = {isa = PBXBuildFile; fileRef = C5782B332782E4A000321138 /* SettingsView.swift */; };
		C5782B352782E4A000321138 /* SettingsView.swift in Sources */ = {isa = PBXBuildFile; fileRef = C5782B332782E4A000321138 /* SettingsView.swift */; };
		C5782B382782E53800321138 /* KeychainAccess in Frameworks */ = {isa = PBXBuildFile; productRef = C5782B372782E53800321138 /* KeychainAccess */; };
		C5782B3A2782E82800321138 /* KeychainAccess in Frameworks */ = {isa = PBXBuildFile; productRef = C5782B392782E82800321138 /* KeychainAccess */; };
		C59995062781B96700FE1EBA /* AarloApp.swift in Sources */ = {isa = PBXBuildFile; fileRef = C59994F62781B96500FE1EBA /* AarloApp.swift */; };
		C59995072781B96700FE1EBA /* AarloApp.swift in Sources */ = {isa = PBXBuildFile; fileRef = C59994F62781B96500FE1EBA /* AarloApp.swift */; };
		C59995082781B96700FE1EBA /* ContentView.swift in Sources */ = {isa = PBXBuildFile; fileRef = C59994F72781B96500FE1EBA /* ContentView.swift */; };
		C59995092781B96700FE1EBA /* ContentView.swift in Sources */ = {isa = PBXBuildFile; fileRef = C59994F72781B96500FE1EBA /* ContentView.swift */; };
		C599950A2781B96700FE1EBA /* Assets.xcassets in Resources */ = {isa = PBXBuildFile; fileRef = C59994F82781B96700FE1EBA /* Assets.xcassets */; };
		C599950B2781B96700FE1EBA /* Assets.xcassets in Resources */ = {isa = PBXBuildFile; fileRef = C59994F82781B96700FE1EBA /* Assets.xcassets */; };
		C59995162781B9E200FE1EBA /* Link.swift in Sources */ = {isa = PBXBuildFile; fileRef = C59995152781B9E200FE1EBA /* Link.swift */; };
		C59995172781B9E200FE1EBA /* Link.swift in Sources */ = {isa = PBXBuildFile; fileRef = C59995152781B9E200FE1EBA /* Link.swift */; };
		C599951D2781C93000FE1EBA /* SwiftJWT in Frameworks */ = {isa = PBXBuildFile; productRef = C599951C2781C93000FE1EBA /* SwiftJWT */; };
		C59995202781C93900FE1EBA /* SwiftJWT in Frameworks */ = {isa = PBXBuildFile; productRef = C599951F2781C93900FE1EBA /* SwiftJWT */; };
		C59995232781C97C00FE1EBA /* ShaarliClaims.swift in Sources */ = {isa = PBXBuildFile; fileRef = C59995222781C97C00FE1EBA /* ShaarliClaims.swift */; };
		C59995242781C97C00FE1EBA /* ShaarliClaims.swift in Sources */ = {isa = PBXBuildFile; fileRef = C59995222781C97C00FE1EBA /* ShaarliClaims.swift */; };
		C5E4E3642786C833000E79F0 /* LinkEditView.swift in Sources */ = {isa = PBXBuildFile; fileRef = C5E4E3632786C833000E79F0 /* LinkEditView.swift */; };
		C5E4E3652786C833000E79F0 /* LinkEditView.swift in Sources */ = {isa = PBXBuildFile; fileRef = C5E4E3632786C833000E79F0 /* LinkEditView.swift */; };
		C5F71F832784CA7A009CF84C /* SwiftUIX in Frameworks */ = {isa = PBXBuildFile; productRef = C5F71F822784CA7A009CF84C /* SwiftUIX */; };
		C5F71F852784CA96009CF84C /* SwiftUIX in Frameworks */ = {isa = PBXBuildFile; productRef = C5F71F842784CA96009CF84C /* SwiftUIX */; };
/* End PBXBuildFile section */

/* Begin PBXFileReference section */
		C53ED62227856B5000397910 /* ShaarliClient.swift */ = {isa = PBXFileReference; lastKnownFileType = sourcecode.swift; path = ShaarliClient.swift; sourceTree = "<group>"; };
		C53ED62627856CE900397910 /* LinkStore.swift */ = {isa = PBXFileReference; lastKnownFileType = sourcecode.swift; path = LinkStore.swift; sourceTree = "<group>"; };
		C553EA2327860F1E0060F45B /* Aarlo (iOS).entitlements */ = {isa = PBXFileReference; lastKnownFileType = text.plist.entitlements; path = "Aarlo (iOS).entitlements"; sourceTree = "<group>"; };
		C5782B302781E97900321138 /* LinkItemView.swift */ = {isa = PBXFileReference; lastKnownFileType = sourcecode.swift; path = LinkItemView.swift; sourceTree = "<group>"; };
		C5782B332782E4A000321138 /* SettingsView.swift */ = {isa = PBXFileReference; lastKnownFileType = sourcecode.swift; path = SettingsView.swift; sourceTree = "<group>"; };
		C59994F62781B96500FE1EBA /* AarloApp.swift */ = {isa = PBXFileReference; lastKnownFileType = sourcecode.swift; path = AarloApp.swift; sourceTree = "<group>"; };
		C59994F72781B96500FE1EBA /* ContentView.swift */ = {isa = PBXFileReference; lastKnownFileType = sourcecode.swift; path = ContentView.swift; sourceTree = "<group>"; };
		C59994F82781B96700FE1EBA /* Assets.xcassets */ = {isa = PBXFileReference; lastKnownFileType = folder.assetcatalog; path = Assets.xcassets; sourceTree = "<group>"; };
		C59994FD2781B96700FE1EBA /* Aarlo.app */ = {isa = PBXFileReference; explicitFileType = wrapper.application; includeInIndex = 0; path = Aarlo.app; sourceTree = BUILT_PRODUCTS_DIR; };
		C59995032781B96700FE1EBA /* Aarlo.app */ = {isa = PBXFileReference; explicitFileType = wrapper.application; includeInIndex = 0; path = Aarlo.app; sourceTree = BUILT_PRODUCTS_DIR; };
		C59995052781B96700FE1EBA /* macOS.entitlements */ = {isa = PBXFileReference; lastKnownFileType = text.plist.entitlements; path = macOS.entitlements; sourceTree = "<group>"; };
		C59995152781B9E200FE1EBA /* Link.swift */ = {isa = PBXFileReference; lastKnownFileType = sourcecode.swift; path = Link.swift; sourceTree = "<group>"; };
		C59995222781C97C00FE1EBA /* ShaarliClaims.swift */ = {isa = PBXFileReference; lastKnownFileType = sourcecode.swift; path = ShaarliClaims.swift; sourceTree = "<group>"; };
		C5E4E3632786C833000E79F0 /* LinkEditView.swift */ = {isa = PBXFileReference; lastKnownFileType = sourcecode.swift; path = LinkEditView.swift; sourceTree = "<group>"; };
/* End PBXFileReference section */

/* Begin PBXFrameworksBuildPhase section */
		C59994FA2781B96700FE1EBA /* Frameworks */ = {
			isa = PBXFrameworksBuildPhase;
			buildActionMask = 2147483647;
			files = (
				C5F71F832784CA7A009CF84C /* SwiftUIX in Frameworks */,
				C5782B3A2782E82800321138 /* KeychainAccess in Frameworks */,
				C599951D2781C93000FE1EBA /* SwiftJWT in Frameworks */,
			);
			runOnlyForDeploymentPostprocessing = 0;
		};
		C59995002781B96700FE1EBA /* Frameworks */ = {
			isa = PBXFrameworksBuildPhase;
			buildActionMask = 2147483647;
			files = (
				C5F71F852784CA96009CF84C /* SwiftUIX in Frameworks */,
				C5782B382782E53800321138 /* KeychainAccess in Frameworks */,
				C59995202781C93900FE1EBA /* SwiftJWT in Frameworks */,
			);
			runOnlyForDeploymentPostprocessing = 0;
		};
/* End PBXFrameworksBuildPhase section */

/* Begin PBXGroup section */
		C53ED62527856CD900397910 /* Stores */ = {
			isa = PBXGroup;
			children = (
				C53ED62627856CE900397910 /* LinkStore.swift */,
			);
			path = Stores;
			sourceTree = "<group>";
		};
		C5782B2F2781E96900321138 /* Views */ = {
			isa = PBXGroup;
			children = (
				C5782B302781E97900321138 /* LinkItemView.swift */,
				C5782B332782E4A000321138 /* SettingsView.swift */,
				C5E4E3632786C833000E79F0 /* LinkEditView.swift */,
			);
			path = Views;
			sourceTree = "<group>";
		};
		C59994F02781B96500FE1EBA = {
			isa = PBXGroup;
			children = (
				C553EA2327860F1E0060F45B /* Aarlo (iOS).entitlements */,
				C59994F52781B96500FE1EBA /* Shared */,
				C59995042781B96700FE1EBA /* macOS */,
				C59994FE2781B96700FE1EBA /* Products */,
				C599951E2781C93900FE1EBA /* Frameworks */,
			);
			sourceTree = "<group>";
		};
		C59994F52781B96500FE1EBA /* Shared */ = {
			isa = PBXGroup;
			children = (
				C53ED62527856CD900397910 /* Stores */,
				C5782B2F2781E96900321138 /* Views */,
				C59995212781C95600FE1EBA /* Networking */,
				C59995142781B9CF00FE1EBA /* Models */,
				C59994F62781B96500FE1EBA /* AarloApp.swift */,
				C59994F72781B96500FE1EBA /* ContentView.swift */,
				C59994F82781B96700FE1EBA /* Assets.xcassets */,
			);
			path = Shared;
			sourceTree = "<group>";
		};
		C59994FE2781B96700FE1EBA /* Products */ = {
			isa = PBXGroup;
			children = (
				C59994FD2781B96700FE1EBA /* Aarlo.app */,
				C59995032781B96700FE1EBA /* Aarlo.app */,
			);
			name = Products;
			sourceTree = "<group>";
		};
		C59995042781B96700FE1EBA /* macOS */ = {
			isa = PBXGroup;
			children = (
				C59995052781B96700FE1EBA /* macOS.entitlements */,
			);
			path = macOS;
			sourceTree = "<group>";
		};
		C59995142781B9CF00FE1EBA /* Models */ = {
			isa = PBXGroup;
			children = (
				C59995152781B9E200FE1EBA /* Link.swift */,
			);
			path = Models;
			sourceTree = "<group>";
		};
		C599951E2781C93900FE1EBA /* Frameworks */ = {
			isa = PBXGroup;
			children = (
			);
			name = Frameworks;
			sourceTree = "<group>";
		};
		C59995212781C95600FE1EBA /* Networking */ = {
			isa = PBXGroup;
			children = (
				C59995222781C97C00FE1EBA /* ShaarliClaims.swift */,
				C53ED62227856B5000397910 /* ShaarliClient.swift */,
			);
			path = Networking;
			sourceTree = "<group>";
		};
/* End PBXGroup section */

/* Begin PBXNativeTarget section */
		C59994FC2781B96700FE1EBA /* Aarlo (iOS) */ = {
			isa = PBXNativeTarget;
			buildConfigurationList = C599950E2781B96700FE1EBA /* Build configuration list for PBXNativeTarget "Aarlo (iOS)" */;
			buildPhases = (
				C59994F92781B96700FE1EBA /* Sources */,
				C59994FA2781B96700FE1EBA /* Frameworks */,
				C59994FB2781B96700FE1EBA /* Resources */,
			);
			buildRules = (
			);
			dependencies = (
			);
			name = "Aarlo (iOS)";
			packageProductDependencies = (
				C599951C2781C93000FE1EBA /* SwiftJWT */,
				C5782B392782E82800321138 /* KeychainAccess */,
				C5F71F822784CA7A009CF84C /* SwiftUIX */,
			);
			productName = "Aarlo (iOS)";
			productReference = C59994FD2781B96700FE1EBA /* Aarlo.app */;
			productType = "com.apple.product-type.application";
		};
		C59995022781B96700FE1EBA /* Aarlo (macOS) */ = {
			isa = PBXNativeTarget;
			buildConfigurationList = C59995112781B96700FE1EBA /* Build configuration list for PBXNativeTarget "Aarlo (macOS)" */;
			buildPhases = (
				C59994FF2781B96700FE1EBA /* Sources */,
				C59995002781B96700FE1EBA /* Frameworks */,
				C59995012781B96700FE1EBA /* Resources */,
			);
			buildRules = (
			);
			dependencies = (
			);
			name = "Aarlo (macOS)";
			packageProductDependencies = (
				C599951F2781C93900FE1EBA /* SwiftJWT */,
				C5782B372782E53800321138 /* KeychainAccess */,
				C5F71F842784CA96009CF84C /* SwiftUIX */,
			);
			productName = "Aarlo (macOS)";
			productReference = C59995032781B96700FE1EBA /* Aarlo.app */;
			productType = "com.apple.product-type.application";
		};
/* End PBXNativeTarget section */

/* Begin PBXProject section */
		C59994F12781B96500FE1EBA /* Project object */ = {
			isa = PBXProject;
			attributes = {
				BuildIndependentTargetsInParallel = 1;
				LastSwiftUpdateCheck = 1320;
				LastUpgradeCheck = 1320;
				TargetAttributes = {
					C59994FC2781B96700FE1EBA = {
						CreatedOnToolsVersion = 13.2.1;
					};
					C59995022781B96700FE1EBA = {
						CreatedOnToolsVersion = 13.2.1;
					};
				};
			};
			buildConfigurationList = C59994F42781B96500FE1EBA /* Build configuration list for PBXProject "Aarlo" */;
			compatibilityVersion = "Xcode 13.0";
			developmentRegion = en;
			hasScannedForEncodings = 0;
			knownRegions = (
				en,
				Base,
			);
			mainGroup = C59994F02781B96500FE1EBA;
			packageReferences = (
				C599951B2781C93000FE1EBA /* XCRemoteSwiftPackageReference "Swift-JWT" */,
				C5782B362782E53800321138 /* XCRemoteSwiftPackageReference "KeychainAccess" */,
				C5F71F812784CA7A009CF84C /* XCRemoteSwiftPackageReference "SwiftUIX" */,
			);
			productRefGroup = C59994FE2781B96700FE1EBA /* Products */;
			projectDirPath = "";
			projectRoot = "";
			targets = (
				C59994FC2781B96700FE1EBA /* Aarlo (iOS) */,
				C59995022781B96700FE1EBA /* Aarlo (macOS) */,
			);
		};
/* End PBXProject section */

/* Begin PBXResourcesBuildPhase section */
		C59994FB2781B96700FE1EBA /* Resources */ = {
			isa = PBXResourcesBuildPhase;
			buildActionMask = 2147483647;
			files = (
				C599950A2781B96700FE1EBA /* Assets.xcassets in Resources */,
			);
			runOnlyForDeploymentPostprocessing = 0;
		};
		C59995012781B96700FE1EBA /* Resources */ = {
			isa = PBXResourcesBuildPhase;
			buildActionMask = 2147483647;
			files = (
				C599950B2781B96700FE1EBA /* Assets.xcassets in Resources */,
			);
			runOnlyForDeploymentPostprocessing = 0;
		};
/* End PBXResourcesBuildPhase section */

/* Begin PBXSourcesBuildPhase section */
		C59994F92781B96700FE1EBA /* Sources */ = {
			isa = PBXSourcesBuildPhase;
			buildActionMask = 2147483647;
			files = (
				C5782B312781E97900321138 /* LinkItemView.swift in Sources */,
				C5E4E3642786C833000E79F0 /* LinkEditView.swift in Sources */,
				C59995162781B9E200FE1EBA /* Link.swift in Sources */,
				C59995082781B96700FE1EBA /* ContentView.swift in Sources */,
				C5782B342782E4A000321138 /* SettingsView.swift in Sources */,
				C59995062781B96700FE1EBA /* AarloApp.swift in Sources */,
				C53ED62727856CE900397910 /* LinkStore.swift in Sources */,
				C53ED62327856B5000397910 /* ShaarliClient.swift in Sources */,
				C59995232781C97C00FE1EBA /* ShaarliClaims.swift in Sources */,
			);
			runOnlyForDeploymentPostprocessing = 0;
		};
		C59994FF2781B96700FE1EBA /* Sources */ = {
			isa = PBXSourcesBuildPhase;
			buildActionMask = 2147483647;
			files = (
				C5782B322781E97900321138 /* LinkItemView.swift in Sources */,
				C5E4E3652786C833000E79F0 /* LinkEditView.swift in Sources */,
				C59995172781B9E200FE1EBA /* Link.swift in Sources */,
				C59995092781B96700FE1EBA /* ContentView.swift in Sources */,
				C5782B352782E4A000321138 /* SettingsView.swift in Sources */,
				C59995072781B96700FE1EBA /* AarloApp.swift in Sources */,
				C53ED62827856CE900397910 /* LinkStore.swift in Sources */,
				C53ED62427856B5000397910 /* ShaarliClient.swift in Sources */,
				C59995242781C97C00FE1EBA /* ShaarliClaims.swift in Sources */,
			);
			runOnlyForDeploymentPostprocessing = 0;
		};
/* End PBXSourcesBuildPhase section */

/* Begin XCBuildConfiguration section */
		C599950C2781B96700FE1EBA /* Debug */ = {
			isa = XCBuildConfiguration;
			buildSettings = {
				ALWAYS_SEARCH_USER_PATHS = NO;
				CLANG_ANALYZER_NONNULL = YES;
				CLANG_ANALYZER_NUMBER_OBJECT_CONVERSION = YES_AGGRESSIVE;
				CLANG_CXX_LANGUAGE_STANDARD = "gnu++17";
				CLANG_CXX_LIBRARY = "libc++";
				CLANG_ENABLE_MODULES = YES;
				CLANG_ENABLE_OBJC_ARC = YES;
				CLANG_ENABLE_OBJC_WEAK = YES;
				CLANG_WARN_BLOCK_CAPTURE_AUTORELEASING = YES;
				CLANG_WARN_BOOL_CONVERSION = YES;
				CLANG_WARN_COMMA = YES;
				CLANG_WARN_CONSTANT_CONVERSION = YES;
				CLANG_WARN_DEPRECATED_OBJC_IMPLEMENTATIONS = YES;
				CLANG_WARN_DIRECT_OBJC_ISA_USAGE = YES_ERROR;
				CLANG_WARN_DOCUMENTATION_COMMENTS = YES;
				CLANG_WARN_EMPTY_BODY = YES;
				CLANG_WARN_ENUM_CONVERSION = YES;
				CLANG_WARN_INFINITE_RECURSION = YES;
				CLANG_WARN_INT_CONVERSION = YES;
				CLANG_WARN_NON_LITERAL_NULL_CONVERSION = YES;
				CLANG_WARN_OBJC_IMPLICIT_RETAIN_SELF = YES;
				CLANG_WARN_OBJC_LITERAL_CONVERSION = YES;
				CLANG_WARN_OBJC_ROOT_CLASS = YES_ERROR;
				CLANG_WARN_QUOTED_INCLUDE_IN_FRAMEWORK_HEADER = YES;
				CLANG_WARN_RANGE_LOOP_ANALYSIS = YES;
				CLANG_WARN_STRICT_PROTOTYPES = YES;
				CLANG_WARN_SUSPICIOUS_MOVE = YES;
				CLANG_WARN_UNGUARDED_AVAILABILITY = YES_AGGRESSIVE;
				CLANG_WARN_UNREACHABLE_CODE = YES;
				CLANG_WARN__DUPLICATE_METHOD_MATCH = YES;
				COPY_PHASE_STRIP = NO;
				DEBUG_INFORMATION_FORMAT = dwarf;
				ENABLE_STRICT_OBJC_MSGSEND = YES;
				ENABLE_TESTABILITY = YES;
				GCC_C_LANGUAGE_STANDARD = gnu11;
				GCC_DYNAMIC_NO_PIC = NO;
				GCC_NO_COMMON_BLOCKS = YES;
				GCC_OPTIMIZATION_LEVEL = 0;
				GCC_PREPROCESSOR_DEFINITIONS = (
					"DEBUG=1",
					"$(inherited)",
				);
				GCC_WARN_64_TO_32_BIT_CONVERSION = YES;
				GCC_WARN_ABOUT_RETURN_TYPE = YES_ERROR;
				GCC_WARN_UNDECLARED_SELECTOR = YES;
				GCC_WARN_UNINITIALIZED_AUTOS = YES_AGGRESSIVE;
				GCC_WARN_UNUSED_FUNCTION = YES;
				GCC_WARN_UNUSED_VARIABLE = YES;
				MTL_ENABLE_DEBUG_INFO = INCLUDE_SOURCE;
				MTL_FAST_MATH = YES;
				ONLY_ACTIVE_ARCH = YES;
				SWIFT_ACTIVE_COMPILATION_CONDITIONS = DEBUG;
				SWIFT_OPTIMIZATION_LEVEL = "-Onone";
			};
			name = Debug;
		};
		C599950D2781B96700FE1EBA /* Release */ = {
			isa = XCBuildConfiguration;
			buildSettings = {
				ALWAYS_SEARCH_USER_PATHS = NO;
				CLANG_ANALYZER_NONNULL = YES;
				CLANG_ANALYZER_NUMBER_OBJECT_CONVERSION = YES_AGGRESSIVE;
				CLANG_CXX_LANGUAGE_STANDARD = "gnu++17";
				CLANG_CXX_LIBRARY = "libc++";
				CLANG_ENABLE_MODULES = YES;
				CLANG_ENABLE_OBJC_ARC = YES;
				CLANG_ENABLE_OBJC_WEAK = YES;
				CLANG_WARN_BLOCK_CAPTURE_AUTORELEASING = YES;
				CLANG_WARN_BOOL_CONVERSION = YES;
				CLANG_WARN_COMMA = YES;
				CLANG_WARN_CONSTANT_CONVERSION = YES;
				CLANG_WARN_DEPRECATED_OBJC_IMPLEMENTATIONS = YES;
				CLANG_WARN_DIRECT_OBJC_ISA_USAGE = YES_ERROR;
				CLANG_WARN_DOCUMENTATION_COMMENTS = YES;
				CLANG_WARN_EMPTY_BODY = YES;
				CLANG_WARN_ENUM_CONVERSION = YES;
				CLANG_WARN_INFINITE_RECURSION = YES;
				CLANG_WARN_INT_CONVERSION = YES;
				CLANG_WARN_NON_LITERAL_NULL_CONVERSION = YES;
				CLANG_WARN_OBJC_IMPLICIT_RETAIN_SELF = YES;
				CLANG_WARN_OBJC_LITERAL_CONVERSION = YES;
				CLANG_WARN_OBJC_ROOT_CLASS = YES_ERROR;
				CLANG_WARN_QUOTED_INCLUDE_IN_FRAMEWORK_HEADER = YES;
				CLANG_WARN_RANGE_LOOP_ANALYSIS = YES;
				CLANG_WARN_STRICT_PROTOTYPES = YES;
				CLANG_WARN_SUSPICIOUS_MOVE = YES;
				CLANG_WARN_UNGUARDED_AVAILABILITY = YES_AGGRESSIVE;
				CLANG_WARN_UNREACHABLE_CODE = YES;
				CLANG_WARN__DUPLICATE_METHOD_MATCH = YES;
				COPY_PHASE_STRIP = NO;
				DEBUG_INFORMATION_FORMAT = "dwarf-with-dsym";
				ENABLE_NS_ASSERTIONS = NO;
				ENABLE_STRICT_OBJC_MSGSEND = YES;
				GCC_C_LANGUAGE_STANDARD = gnu11;
				GCC_NO_COMMON_BLOCKS = YES;
				GCC_WARN_64_TO_32_BIT_CONVERSION = YES;
				GCC_WARN_ABOUT_RETURN_TYPE = YES_ERROR;
				GCC_WARN_UNDECLARED_SELECTOR = YES;
				GCC_WARN_UNINITIALIZED_AUTOS = YES_AGGRESSIVE;
				GCC_WARN_UNUSED_FUNCTION = YES;
				GCC_WARN_UNUSED_VARIABLE = YES;
				MTL_ENABLE_DEBUG_INFO = NO;
				MTL_FAST_MATH = YES;
				SWIFT_COMPILATION_MODE = wholemodule;
				SWIFT_OPTIMIZATION_LEVEL = "-O";
			};
			name = Release;
		};
		C599950F2781B96700FE1EBA /* Debug */ = {
			isa = XCBuildConfiguration;
			buildSettings = {
				ASSETCATALOG_COMPILER_APPICON_NAME = AppIcon;
				ASSETCATALOG_COMPILER_GLOBAL_ACCENT_COLOR_NAME = AccentColor;
				CODE_SIGN_ENTITLEMENTS = "Aarlo (iOS).entitlements";
				CODE_SIGN_STYLE = Automatic;
				CURRENT_PROJECT_VERSION = 1;
				DEVELOPMENT_TEAM = 9E8SXF3Y36;
				ENABLE_PREVIEWS = YES;
				GENERATE_INFOPLIST_FILE = YES;
				INFOPLIST_KEY_UIApplicationSceneManifest_Generation = YES;
				INFOPLIST_KEY_UIApplicationSupportsIndirectInputEvents = YES;
				INFOPLIST_KEY_UILaunchScreen_Generation = YES;
				INFOPLIST_KEY_UISupportedInterfaceOrientations_iPad = "UIInterfaceOrientationPortrait UIInterfaceOrientationPortraitUpsideDown UIInterfaceOrientationLandscapeLeft UIInterfaceOrientationLandscapeRight";
				INFOPLIST_KEY_UISupportedInterfaceOrientations_iPhone = "UIInterfaceOrientationPortrait UIInterfaceOrientationLandscapeLeft UIInterfaceOrientationLandscapeRight";
				IPHONEOS_DEPLOYMENT_TARGET = 15.2;
				LD_RUNPATH_SEARCH_PATHS = (
					"$(inherited)",
					"@executable_path/Frameworks",
				);
				MARKETING_VERSION = 1.0;
				PRODUCT_BUNDLE_IDENTIFIER = co.hartl.Aarlo;
				PRODUCT_NAME = Aarlo;
				SDKROOT = iphoneos;
				SWIFT_EMIT_LOC_STRINGS = YES;
				SWIFT_VERSION = 5.0;
				TARGETED_DEVICE_FAMILY = "1,2";
			};
			name = Debug;
		};
		C59995102781B96700FE1EBA /* Release */ = {
			isa = XCBuildConfiguration;
			buildSettings = {
				ASSETCATALOG_COMPILER_APPICON_NAME = AppIcon;
				ASSETCATALOG_COMPILER_GLOBAL_ACCENT_COLOR_NAME = AccentColor;
				CODE_SIGN_ENTITLEMENTS = "Aarlo (iOS).entitlements";
				CODE_SIGN_STYLE = Automatic;
				CURRENT_PROJECT_VERSION = 1;
				DEVELOPMENT_TEAM = 9E8SXF3Y36;
				ENABLE_PREVIEWS = YES;
				GENERATE_INFOPLIST_FILE = YES;
				INFOPLIST_KEY_UIApplicationSceneManifest_Generation = YES;
				INFOPLIST_KEY_UIApplicationSupportsIndirectInputEvents = YES;
				INFOPLIST_KEY_UILaunchScreen_Generation = YES;
				INFOPLIST_KEY_UISupportedInterfaceOrientations_iPad = "UIInterfaceOrientationPortrait UIInterfaceOrientationPortraitUpsideDown UIInterfaceOrientationLandscapeLeft UIInterfaceOrientationLandscapeRight";
				INFOPLIST_KEY_UISupportedInterfaceOrientations_iPhone = "UIInterfaceOrientationPortrait UIInterfaceOrientationLandscapeLeft UIInterfaceOrientationLandscapeRight";
				IPHONEOS_DEPLOYMENT_TARGET = 15.2;
				LD_RUNPATH_SEARCH_PATHS = (
					"$(inherited)",
					"@executable_path/Frameworks",
				);
				MARKETING_VERSION = 1.0;
				PRODUCT_BUNDLE_IDENTIFIER = co.hartl.Aarlo;
				PRODUCT_NAME = Aarlo;
				SDKROOT = iphoneos;
				SWIFT_EMIT_LOC_STRINGS = YES;
				SWIFT_VERSION = 5.0;
				TARGETED_DEVICE_FAMILY = "1,2";
				VALIDATE_PRODUCT = YES;
			};
			name = Release;
		};
		C59995122781B96700FE1EBA /* Debug */ = {
			isa = XCBuildConfiguration;
			buildSettings = {
				ASSETCATALOG_COMPILER_APPICON_NAME = AppIcon;
				ASSETCATALOG_COMPILER_GLOBAL_ACCENT_COLOR_NAME = AccentColor;
				CODE_SIGN_ENTITLEMENTS = macOS/macOS.entitlements;
				CODE_SIGN_STYLE = Automatic;
				COMBINE_HIDPI_IMAGES = YES;
				CURRENT_PROJECT_VERSION = 1;
				DEVELOPMENT_TEAM = 9E8SXF3Y36;
				ENABLE_HARDENED_RUNTIME = YES;
				ENABLE_PREVIEWS = YES;
				GENERATE_INFOPLIST_FILE = YES;
				INFOPLIST_KEY_NSHumanReadableCopyright = "";
				LD_RUNPATH_SEARCH_PATHS = (
					"$(inherited)",
					"@executable_path/../Frameworks",
				);
				MACOSX_DEPLOYMENT_TARGET = 12.1;
				MARKETING_VERSION = 1.0;
				PRODUCT_BUNDLE_IDENTIFIER = co.hartl.Aarlo;
				PRODUCT_NAME = Aarlo;
				SDKROOT = macosx;
				SWIFT_EMIT_LOC_STRINGS = YES;
				SWIFT_VERSION = 5.0;
			};
			name = Debug;
		};
		C59995132781B96700FE1EBA /* Release */ = {
			isa = XCBuildConfiguration;
			buildSettings = {
				ASSETCATALOG_COMPILER_APPICON_NAME = AppIcon;
				ASSETCATALOG_COMPILER_GLOBAL_ACCENT_COLOR_NAME = AccentColor;
				CODE_SIGN_ENTITLEMENTS = macOS/macOS.entitlements;
				CODE_SIGN_STYLE = Automatic;
				COMBINE_HIDPI_IMAGES = YES;
				CURRENT_PROJECT_VERSION = 1;
				DEVELOPMENT_TEAM = 9E8SXF3Y36;
				ENABLE_HARDENED_RUNTIME = YES;
				ENABLE_PREVIEWS = YES;
				GENERATE_INFOPLIST_FILE = YES;
				INFOPLIST_KEY_NSHumanReadableCopyright = "";
				LD_RUNPATH_SEARCH_PATHS = (
					"$(inherited)",
					"@executable_path/../Frameworks",
				);
				MACOSX_DEPLOYMENT_TARGET = 12.1;
				MARKETING_VERSION = 1.0;
				PRODUCT_BUNDLE_IDENTIFIER = co.hartl.Aarlo;
				PRODUCT_NAME = Aarlo;
				SDKROOT = macosx;
				SWIFT_EMIT_LOC_STRINGS = YES;
				SWIFT_VERSION = 5.0;
			};
			name = Release;
		};
/* End XCBuildConfiguration section */

/* Begin XCConfigurationList section */
		C59994F42781B96500FE1EBA /* Build configuration list for PBXProject "Aarlo" */ = {
			isa = XCConfigurationList;
			buildConfigurations = (
				C599950C2781B96700FE1EBA /* Debug */,
				C599950D2781B96700FE1EBA /* Release */,
			);
			defaultConfigurationIsVisible = 0;
			defaultConfigurationName = Release;
		};
		C599950E2781B96700FE1EBA /* Build configuration list for PBXNativeTarget "Aarlo (iOS)" */ = {
			isa = XCConfigurationList;
			buildConfigurations = (
				C599950F2781B96700FE1EBA /* Debug */,
				C59995102781B96700FE1EBA /* Release */,
			);
			defaultConfigurationIsVisible = 0;
			defaultConfigurationName = Release;
		};
		C59995112781B96700FE1EBA /* Build configuration list for PBXNativeTarget "Aarlo (macOS)" */ = {
			isa = XCConfigurationList;
			buildConfigurations = (
				C59995122781B96700FE1EBA /* Debug */,
				C59995132781B96700FE1EBA /* Release */,
			);
			defaultConfigurationIsVisible = 0;
			defaultConfigurationName = Release;
		};
/* End XCConfigurationList section */

/* Begin XCRemoteSwiftPackageReference section */
		C5782B362782E53800321138 /* XCRemoteSwiftPackageReference "KeychainAccess" */ = {
			isa = XCRemoteSwiftPackageReference;
			repositoryURL = "https://github.com/kishikawakatsumi/KeychainAccess";
			requirement = {
				branch = master;
				kind = branch;
			};
		};
		C599951B2781C93000FE1EBA /* XCRemoteSwiftPackageReference "Swift-JWT" */ = {
			isa = XCRemoteSwiftPackageReference;
			repositoryURL = "https://github.com/Kitura/Swift-JWT";
			requirement = {
				kind = upToNextMajorVersion;
				minimumVersion = 3.0.0;
			};
		};
		C5F71F812784CA7A009CF84C /* XCRemoteSwiftPackageReference "SwiftUIX" */ = {
			isa = XCRemoteSwiftPackageReference;
			repositoryURL = "https://github.com/SwiftUIX/SwiftUIX";
			requirement = {
				branch = master;
				kind = branch;
			};
		};
/* End XCRemoteSwiftPackageReference section */

/* Begin XCSwiftPackageProductDependency section */
		C5782B372782E53800321138 /* KeychainAccess */ = {
			isa = XCSwiftPackageProductDependency;
			package = C5782B362782E53800321138 /* XCRemoteSwiftPackageReference "KeychainAccess" */;
			productName = KeychainAccess;
		};
		C5782B392782E82800321138 /* KeychainAccess */ = {
			isa = XCSwiftPackageProductDependency;
			package = C5782B362782E53800321138 /* XCRemoteSwiftPackageReference "KeychainAccess" */;
			productName = KeychainAccess;
		};
		C599951C2781C93000FE1EBA /* SwiftJWT */ = {
			isa = XCSwiftPackageProductDependency;
			package = C599951B2781C93000FE1EBA /* XCRemoteSwiftPackageReference "Swift-JWT" */;
			productName = SwiftJWT;
		};
		C599951F2781C93900FE1EBA /* SwiftJWT */ = {
			isa = XCSwiftPackageProductDependency;
			package = C599951B2781C93000FE1EBA /* XCRemoteSwiftPackageReference "Swift-JWT" */;
			productName = SwiftJWT;
		};
		C5F71F822784CA7A009CF84C /* SwiftUIX */ = {
			isa = XCSwiftPackageProductDependency;
			package = C5F71F812784CA7A009CF84C /* XCRemoteSwiftPackageReference "SwiftUIX" */;
			productName = SwiftUIX;
		};
		C5F71F842784CA96009CF84C /* SwiftUIX */ = {
			isa = XCSwiftPackageProductDependency;
			package = C5F71F812784CA7A009CF84C /* XCRemoteSwiftPackageReference "SwiftUIX" */;
			productName = SwiftUIX;
		};
/* End XCSwiftPackageProductDependency section */
	};
	rootObject = C59994F12781B96500FE1EBA /* Project object */;
}
