{
  "originHash" : "ed19257b4555af6411414ff59263d29b114dc9f34d02b0ad99bc40f398a6a2b4",
  "pins" : [
    {
      "identity" : "keychainaccess",
      "kind" : "remoteSourceControl",
      "location" : "https://github.com/kishikawakatsumi/KeychainAccess",
      "state" : {
        "branch" : "master",
        "revision" : "6299daec1d74be12164fec090faf9ed14d0da9d6"
      }
    },
    {
      "identity" : "swiftui-introspect",
      "kind" : "remoteSourceControl",
      "location" : "https://github.com/siteline/SwiftUI-Introspect",
      "state" : {
        "branch" : "master",
        "revision" : "d3cbf32788250741d397cfb5bcd532c37aa1096d"
      }
    },
    {
      "identity" : "swiftuix",
      "kind" : "remoteSourceControl",
      "location" : "https://github.com/SwiftUIX/SwiftUIX",
      "state" : {
        "branch" : "master",
        "revision" : "e968ad99d7255da0286acf22f2a39af6f58c1a06"
      }
    }
  ],
  "version" : 3
}
