// !$*UTF8*$!
{
	archiveVersion = 1;
	classes = {
	};
	objectVersion = 55;
	objects = {

/* Begin PBXBuildFile section */
		C50342A7294AF02800CF5980 /* Tag in Frameworks */ = {isa = PBXBuildFile; productRef = C50342A6294AF02800CF5980 /* Tag */; };
		C50342A9294AF03100CF5980 /* Tag in Frameworks */ = {isa = PBXBuildFile; productRef = C50342A8294AF03100CF5980 /* Tag */; };
		C50342AB294AF03600CF5980 /* Tag in Frameworks */ = {isa = PBXBuildFile; productRef = C50342AA294AF03600CF5980 /* Tag */; };
		C50342AD294AF03B00CF5980 /* Tag in Frameworks */ = {isa = PBXBuildFile; productRef = C50342AC294AF03B00CF5980 /* Tag */; };
		C50D957328C0A02600512FF7 /* OverallAppState.swift in Sources */ = {isa = PBXBuildFile; fileRef = C50D957228C0A02600512FF7 /* OverallAppState.swift */; };
		C50D957428C0A02600512FF7 /* OverallAppState.swift in Sources */ = {isa = PBXBuildFile; fileRef = C50D957228C0A02600512FF7 /* OverallAppState.swift */; };
		C50D957528C0A02600512FF7 /* OverallAppState.swift in Sources */ = {isa = PBXBuildFile; fileRef = C50D957228C0A02600512FF7 /* OverallAppState.swift */; };
		C50D957628C0A02600512FF7 /* OverallAppState.swift in Sources */ = {isa = PBXBuildFile; fileRef = C50D957228C0A02600512FF7 /* OverallAppState.swift */; };
		C5126707280DAC73009714FA /* DownloadedListView.swift in Sources */ = {isa = PBXBuildFile; fileRef = C5126706280DAC73009714FA /* DownloadedListView.swift */; };
		C5126708280DAC73009714FA /* DownloadedListView.swift in Sources */ = {isa = PBXBuildFile; fileRef = C5126706280DAC73009714FA /* DownloadedListView.swift */; };
		C513721D27EEF22C00E80F3D /* LinkdingClient.swift in Sources */ = {isa = PBXBuildFile; fileRef = C513721C27EEF22C00E80F3D /* LinkdingClient.swift */; };
		C513721E27EEF22C00E80F3D /* LinkdingClient.swift in Sources */ = {isa = PBXBuildFile; fileRef = C513721C27EEF22C00E80F3D /* LinkdingClient.swift */; };
		C513721F27EEF22C00E80F3D /* LinkdingClient.swift in Sources */ = {isa = PBXBuildFile; fileRef = C513721C27EEF22C00E80F3D /* LinkdingClient.swift */; };
		C513722027EEF22C00E80F3D /* LinkdingClient.swift in Sources */ = {isa = PBXBuildFile; fileRef = C513721C27EEF22C00E80F3D /* LinkdingClient.swift */; };
		C5165653278EB849006A55A7 /* InitialContentView.swift in Sources */ = {isa = PBXBuildFile; fileRef = C5165652278EB849006A55A7 /* InitialContentView.swift */; };
		C5165654278EB849006A55A7 /* InitialContentView.swift in Sources */ = {isa = PBXBuildFile; fileRef = C5165652278EB849006A55A7 /* InitialContentView.swift */; };
		C52C60BA28D98345000637E1 /* List in Frameworks */ = {isa = PBXBuildFile; productRef = C52C60B928D98345000637E1 /* List */; };
		C52C60BC28D98348000637E1 /* List in Frameworks */ = {isa = PBXBuildFile; productRef = C52C60BB28D98348000637E1 /* List */; };
		C52C60BE28D9834D000637E1 /* List in Frameworks */ = {isa = PBXBuildFile; productRef = C52C60BD28D9834D000637E1 /* List */; };
		C52C60C028D98353000637E1 /* List in Frameworks */ = {isa = PBXBuildFile; productRef = C52C60BF28D98353000637E1 /* List */; };
		C53ED62327856B5000397910 /* ShaarliClient.swift in Sources */ = {isa = PBXBuildFile; fileRef = C53ED62227856B5000397910 /* ShaarliClient.swift */; };
		C53ED62427856B5000397910 /* ShaarliClient.swift in Sources */ = {isa = PBXBuildFile; fileRef = C53ED62227856B5000397910 /* ShaarliClient.swift */; };
		C540CEF627AF9B3200432E18 /* Introspect in Frameworks */ = {isa = PBXBuildFile; productRef = C540CEF527AF9B3200432E18 /* Introspect */; };
		C540CEF827AF9B3A00432E18 /* Introspect in Frameworks */ = {isa = PBXBuildFile; productRef = C540CEF727AF9B3A00432E18 /* Introspect */; };
		C540CEFA27AF9B3F00432E18 /* Introspect in Frameworks */ = {isa = PBXBuildFile; productRef = C540CEF927AF9B3F00432E18 /* Introspect */; };
		C540CEFC27AF9B4400432E18 /* Introspect in Frameworks */ = {isa = PBXBuildFile; productRef = C540CEFB27AF9B4400432E18 /* Introspect */; };
		C54210B82796A6A0000F07DC /* LinkAddView.swift in Sources */ = {isa = PBXBuildFile; fileRef = C54D98D0278AB9F2003B1EB9 /* LinkAddView.swift */; };
		C54210BC2796A6BA000F07DC /* ShaarliClient.swift in Sources */ = {isa = PBXBuildFile; fileRef = C53ED62227856B5000397910 /* ShaarliClient.swift */; };
		C54210BD2796A6BD000F07DC /* ShaarliClaims.swift in Sources */ = {isa = PBXBuildFile; fileRef = C59995222781C97C00FE1EBA /* ShaarliClaims.swift */; };
		C54210C12796A6F9000F07DC /* SwiftUIX in Frameworks */ = {isa = PBXBuildFile; productRef = C54210C02796A6F9000F07DC /* SwiftUIX */; };
		C54210C32796A6FF000F07DC /* KeychainAccess in Frameworks */ = {isa = PBXBuildFile; productRef = C54210C22796A6FF000F07DC /* KeychainAccess */; };
		C54210C52796A704000F07DC /* SwiftJWT in Frameworks */ = {isa = PBXBuildFile; productRef = C54210C42796A704000F07DC /* SwiftJWT */; };
		C54210C72796A8A1000F07DC /* UserDefaults+Suite.swift in Sources */ = {isa = PBXBuildFile; fileRef = C54210C62796A8A1000F07DC /* UserDefaults+Suite.swift */; };
		C54210C82796A8A1000F07DC /* UserDefaults+Suite.swift in Sources */ = {isa = PBXBuildFile; fileRef = C54210C62796A8A1000F07DC /* UserDefaults+Suite.swift */; };
		C54210C92796A8A1000F07DC /* UserDefaults+Suite.swift in Sources */ = {isa = PBXBuildFile; fileRef = C54210C62796A8A1000F07DC /* UserDefaults+Suite.swift */; };
		C54D98D1278AB9F2003B1EB9 /* LinkAddView.swift in Sources */ = {isa = PBXBuildFile; fileRef = C54D98D0278AB9F2003B1EB9 /* LinkAddView.swift */; };
		C54D98D2278AB9F2003B1EB9 /* LinkAddView.swift in Sources */ = {isa = PBXBuildFile; fileRef = C54D98D0278AB9F2003B1EB9 /* LinkAddView.swift */; };
		C54D98D7278AD1BE003B1EB9 /* Pasteboard.swift in Sources */ = {isa = PBXBuildFile; fileRef = C54D98D6278AD1BE003B1EB9 /* Pasteboard.swift */; };
		C54D98D8278AD1BE003B1EB9 /* Pasteboard.swift in Sources */ = {isa = PBXBuildFile; fileRef = C54D98D6278AD1BE003B1EB9 /* Pasteboard.swift */; };
		C557ED2228D8272B0037D9A6 /* Navigation in Frameworks */ = {isa = PBXBuildFile; productRef = C557ED2128D8272B0037D9A6 /* Navigation */; };
		C557ED2428D827310037D9A6 /* Navigation in Frameworks */ = {isa = PBXBuildFile; productRef = C557ED2328D827310037D9A6 /* Navigation */; };
		C557ED2628D827360037D9A6 /* Navigation in Frameworks */ = {isa = PBXBuildFile; productRef = C557ED2528D827360037D9A6 /* Navigation */; };
		C557ED2828D8273C0037D9A6 /* Navigation in Frameworks */ = {isa = PBXBuildFile; productRef = C557ED2728D8273C0037D9A6 /* Navigation */; };
		C5782B312781E97900321138 /* LinkItemView.swift in Sources */ = {isa = PBXBuildFile; fileRef = C5782B302781E97900321138 /* LinkItemView.swift */; };
		C5782B322781E97900321138 /* LinkItemView.swift in Sources */ = {isa = PBXBuildFile; fileRef = C5782B302781E97900321138 /* LinkItemView.swift */; };
		C5782B382782E53800321138 /* KeychainAccess in Frameworks */ = {isa = PBXBuildFile; productRef = C5782B372782E53800321138 /* KeychainAccess */; };
		C5782B3A2782E82800321138 /* KeychainAccess in Frameworks */ = {isa = PBXBuildFile; productRef = C5782B392782E82800321138 /* KeychainAccess */; };
		C585F1F127A51EAF00AB0A6F /* ClientFactory.swift in Sources */ = {isa = PBXBuildFile; fileRef = C585F1F027A51EAF00AB0A6F /* ClientFactory.swift */; };
		C585F1F227A51EAF00AB0A6F /* ClientFactory.swift in Sources */ = {isa = PBXBuildFile; fileRef = C585F1F027A51EAF00AB0A6F /* ClientFactory.swift */; };
		C585F1F327A51EAF00AB0A6F /* ClientFactory.swift in Sources */ = {isa = PBXBuildFile; fileRef = C585F1F027A51EAF00AB0A6F /* ClientFactory.swift */; };
		C585F1F427A51EAF00AB0A6F /* ClientFactory.swift in Sources */ = {isa = PBXBuildFile; fileRef = C585F1F027A51EAF00AB0A6F /* ClientFactory.swift */; };
		C585F1F627A5231E00AB0A6F /* PinboardClient.swift in Sources */ = {isa = PBXBuildFile; fileRef = C585F1F527A5231E00AB0A6F /* PinboardClient.swift */; };
		C585F1F727A5231E00AB0A6F /* PinboardClient.swift in Sources */ = {isa = PBXBuildFile; fileRef = C585F1F527A5231E00AB0A6F /* PinboardClient.swift */; };
		C585F1F827A5231E00AB0A6F /* PinboardClient.swift in Sources */ = {isa = PBXBuildFile; fileRef = C585F1F527A5231E00AB0A6F /* PinboardClient.swift */; };
		C585F1F927A5231E00AB0A6F /* PinboardClient.swift in Sources */ = {isa = PBXBuildFile; fileRef = C585F1F527A5231E00AB0A6F /* PinboardClient.swift */; };
		C59995062781B96700FE1EBA /* AarloApp.swift in Sources */ = {isa = PBXBuildFile; fileRef = C59994F62781B96500FE1EBA /* AarloApp.swift */; };
		C59995072781B96700FE1EBA /* AarloApp.swift in Sources */ = {isa = PBXBuildFile; fileRef = C59994F62781B96500FE1EBA /* AarloApp.swift */; };
		C59995082781B96700FE1EBA /* ContentView.swift in Sources */ = {isa = PBXBuildFile; fileRef = C59994F72781B96500FE1EBA /* ContentView.swift */; };
		C59995092781B96700FE1EBA /* ContentView.swift in Sources */ = {isa = PBXBuildFile; fileRef = C59994F72781B96500FE1EBA /* ContentView.swift */; };
		C599950A2781B96700FE1EBA /* Assets.xcassets in Resources */ = {isa = PBXBuildFile; fileRef = C59994F82781B96700FE1EBA /* Assets.xcassets */; };
		C599950B2781B96700FE1EBA /* Assets.xcassets in Resources */ = {isa = PBXBuildFile; fileRef = C59994F82781B96700FE1EBA /* Assets.xcassets */; };
		C599951D2781C93000FE1EBA /* SwiftJWT in Frameworks */ = {isa = PBXBuildFile; productRef = C599951C2781C93000FE1EBA /* SwiftJWT */; };
		C59995202781C93900FE1EBA /* SwiftJWT in Frameworks */ = {isa = PBXBuildFile; productRef = C599951F2781C93900FE1EBA /* SwiftJWT */; };
		C59995232781C97C00FE1EBA /* ShaarliClaims.swift in Sources */ = {isa = PBXBuildFile; fileRef = C59995222781C97C00FE1EBA /* ShaarliClaims.swift */; };
		C59995242781C97C00FE1EBA /* ShaarliClaims.swift in Sources */ = {isa = PBXBuildFile; fileRef = C59995222781C97C00FE1EBA /* ShaarliClaims.swift */; };
		C5AE05052903B8D400F4C0E5 /* LinkCommands.swift in Sources */ = {isa = PBXBuildFile; fileRef = C5AE05042903B8D400F4C0E5 /* LinkCommands.swift */; };
		C5AE05062903B99A00F4C0E5 /* LinkCommands.swift in Sources */ = {isa = PBXBuildFile; fileRef = C5AE05042903B8D400F4C0E5 /* LinkCommands.swift */; };
		C5AE1585278813B400480C83 /* WebView.swift in Sources */ = {isa = PBXBuildFile; fileRef = C5AE1584278813B400480C83 /* WebView.swift */; };
		C5AE1586278813B400480C83 /* WebView.swift in Sources */ = {isa = PBXBuildFile; fileRef = C5AE1584278813B400480C83 /* WebView.swift */; };
		C5AE15882788196C00480C83 /* SidebarView.swift in Sources */ = {isa = PBXBuildFile; fileRef = C5AE15872788196C00480C83 /* SidebarView.swift */; };
		C5AE15892788196C00480C83 /* SidebarView.swift in Sources */ = {isa = PBXBuildFile; fileRef = C5AE15872788196C00480C83 /* SidebarView.swift */; };
		C5C9BB5527895F580005086C /* icon.icns in Resources */ = {isa = PBXBuildFile; fileRef = C5C9BB5427895F580005086C /* icon.icns */; };
		C5C9BB5727895F580005086C /* ShareViewController.swift in Sources */ = {isa = PBXBuildFile; fileRef = C5C9BB5627895F580005086C /* ShareViewController.swift */; };
		C5C9BB5A27895F580005086C /* ShareViewController.xib in Resources */ = {isa = PBXBuildFile; fileRef = C5C9BB5827895F580005086C /* ShareViewController.xib */; };
		C5C9BB5F27895F580005086C /* Aarle-macOS-ShareExtension.appex in Embed App Extensions */ = {isa = PBXBuildFile; fileRef = C5C9BB5227895F580005086C /* Aarle-macOS-ShareExtension.appex */; settings = {ATTRIBUTES = (RemoveHeadersOnCopy, ); }; };
		C5E2AEC1278F4995005F6832 /* ItemDetailView.swift in Sources */ = {isa = PBXBuildFile; fileRef = C5E2AEC0278F4995005F6832 /* ItemDetailView.swift */; };
		C5E2AEC2278F4995005F6832 /* ItemDetailView.swift in Sources */ = {isa = PBXBuildFile; fileRef = C5E2AEC0278F4995005F6832 /* ItemDetailView.swift */; };
		C5E4E3642786C833000E79F0 /* LinkEditView.swift in Sources */ = {isa = PBXBuildFile; fileRef = C5E4E3632786C833000E79F0 /* LinkEditView.swift */; };
		C5E4E3652786C833000E79F0 /* LinkEditView.swift in Sources */ = {isa = PBXBuildFile; fileRef = C5E4E3632786C833000E79F0 /* LinkEditView.swift */; };
		C5EB795128D6E49200D99716 /* Types in Frameworks */ = {isa = PBXBuildFile; productRef = C5EB795028D6E49200D99716 /* Types */; };
		C5EB795328D6E49600D99716 /* Types in Frameworks */ = {isa = PBXBuildFile; productRef = C5EB795228D6E49600D99716 /* Types */; };
		C5EB795528D6E49B00D99716 /* Types in Frameworks */ = {isa = PBXBuildFile; productRef = C5EB795428D6E49B00D99716 /* Types */; };
		C5EB795728D6E49E00D99716 /* Types in Frameworks */ = {isa = PBXBuildFile; productRef = C5EB795628D6E49E00D99716 /* Types */; };
		C5EB795A28D6E86700D99716 /* AarleKeychain in Frameworks */ = {isa = PBXBuildFile; productRef = C5EB795928D6E86700D99716 /* AarleKeychain */; };
		C5EB795C28D6E86D00D99716 /* AarleKeychain in Frameworks */ = {isa = PBXBuildFile; productRef = C5EB795B28D6E86D00D99716 /* AarleKeychain */; };
		C5EB795E28D6E87300D99716 /* AarleKeychain in Frameworks */ = {isa = PBXBuildFile; productRef = C5EB795D28D6E87300D99716 /* AarleKeychain */; };
		C5EB796028D6E87700D99716 /* AarleKeychain in Frameworks */ = {isa = PBXBuildFile; productRef = C5EB795F28D6E87700D99716 /* AarleKeychain */; };
		C5EB796328D6EAC300D99716 /* Settings in Frameworks */ = {isa = PBXBuildFile; productRef = C5EB796228D6EAC300D99716 /* Settings */; };
		C5EB796528D6EAC900D99716 /* Settings in Frameworks */ = {isa = PBXBuildFile; productRef = C5EB796428D6EAC900D99716 /* Settings */; };
		C5EB796728D6EB8800D99716 /* Settings in Frameworks */ = {isa = PBXBuildFile; productRef = C5EB796628D6EB8800D99716 /* Settings */; };
		C5EB796928D6EB8E00D99716 /* Settings in Frameworks */ = {isa = PBXBuildFile; productRef = C5EB796828D6EB8E00D99716 /* Settings */; };
		C5EB796C28D6F46100D99716 /* Archive in Frameworks */ = {isa = PBXBuildFile; productRef = C5EB796B28D6F46100D99716 /* Archive */; };
		C5EB796E28D6F46500D99716 /* Archive in Frameworks */ = {isa = PBXBuildFile; productRef = C5EB796D28D6F46500D99716 /* Archive */; };
		C5EB797028D6FE1700D99716 /* Archive in Frameworks */ = {isa = PBXBuildFile; productRef = C5EB796F28D6FE1700D99716 /* Archive */; };
		C5EB797228D6FE1C00D99716 /* Archive in Frameworks */ = {isa = PBXBuildFile; productRef = C5EB797128D6FE1C00D99716 /* Archive */; };
		C5F71F832784CA7A009CF84C /* SwiftUIX in Frameworks */ = {isa = PBXBuildFile; productRef = C5F71F822784CA7A009CF84C /* SwiftUIX */; };
		C5F71F852784CA96009CF84C /* SwiftUIX in Frameworks */ = {isa = PBXBuildFile; productRef = C5F71F842784CA96009CF84C /* SwiftUIX */; };
		C5FAE110279BE0ED007E763B /* ShareViewController.swift in Sources */ = {isa = PBXBuildFile; fileRef = C5FAE10F279BE0ED007E763B /* ShareViewController.swift */; };
		C5FAE113279BE0ED007E763B /* MainInterface.storyboard in Resources */ = {isa = PBXBuildFile; fileRef = C5FAE111279BE0ED007E763B /* MainInterface.storyboard */; };
		C5FAE117279BE0ED007E763B /* Aarle-iOS-ShareExtension.appex in Embed App Extensions */ = {isa = PBXBuildFile; fileRef = C5FAE10D279BE0ED007E763B /* Aarle-iOS-ShareExtension.appex */; settings = {ATTRIBUTES = (RemoveHeadersOnCopy, ); }; };
		C5FAE11D279BE2F4007E763B /* LinkAddView.swift in Sources */ = {isa = PBXBuildFile; fileRef = C54D98D0278AB9F2003B1EB9 /* LinkAddView.swift */; };
		C5FAE11E279BE2FC007E763B /* ShaarliClaims.swift in Sources */ = {isa = PBXBuildFile; fileRef = C59995222781C97C00FE1EBA /* ShaarliClaims.swift */; };
		C5FAE11F279BE2FF007E763B /* ShaarliClient.swift in Sources */ = {isa = PBXBuildFile; fileRef = C53ED62227856B5000397910 /* ShaarliClient.swift */; };
		C5FAE123279BE309007E763B /* UserDefaults+Suite.swift in Sources */ = {isa = PBXBuildFile; fileRef = C54210C62796A8A1000F07DC /* UserDefaults+Suite.swift */; };
		C5FAE127279BE31F007E763B /* KeychainAccess in Frameworks */ = {isa = PBXBuildFile; productRef = C5FAE126279BE31F007E763B /* KeychainAccess */; };
		C5FAE129279BE324007E763B /* SwiftJWT in Frameworks */ = {isa = PBXBuildFile; productRef = C5FAE128279BE324007E763B /* SwiftJWT */; };
		C5FAE12B279BE324007E763B /* SwiftUIX in Frameworks */ = {isa = PBXBuildFile; productRef = C5FAE12A279BE324007E763B /* SwiftUIX */; };
		C5FAE131279BE384007E763B /* NSItemProvider+Async.swift in Sources */ = {isa = PBXBuildFile; fileRef = C5FAE12E279BE384007E763B /* NSItemProvider+Async.swift */; };
		C5FAE132279BE384007E763B /* NSItemProvider+Async.swift in Sources */ = {isa = PBXBuildFile; fileRef = C5FAE12E279BE384007E763B /* NSItemProvider+Async.swift */; };
		C5FAE135279BE68A007E763B /* ExtensionClass.js in Resources */ = {isa = PBXBuildFile; fileRef = C5FAE134279BE68A007E763B /* ExtensionClass.js */; };
		C5FAE148279BE91A007E763B /* ExtensionClass.js in Resources */ = {isa = PBXBuildFile; fileRef = C5C11F80279A8FAC006981CE /* ExtensionClass.js */; };
/* End PBXBuildFile section */

/* Begin PBXContainerItemProxy section */
		C5C9BB5D27895F580005086C /* PBXContainerItemProxy */ = {
			isa = PBXContainerItemProxy;
			containerPortal = C59994F12781B96500FE1EBA /* Project object */;
			proxyType = 1;
			remoteGlobalIDString = C5C9BB5127895F580005086C;
			remoteInfo = "Aarlo-macOS-ShareExtension";
		};
		C5FAE115279BE0ED007E763B /* PBXContainerItemProxy */ = {
			isa = PBXContainerItemProxy;
			containerPortal = C59994F12781B96500FE1EBA /* Project object */;
			proxyType = 1;
			remoteGlobalIDString = C5FAE10C279BE0ED007E763B;
			remoteInfo = "Aarlo-iOS-ShareExtension";
		};
/* End PBXContainerItemProxy section */

/* Begin PBXCopyFilesBuildPhase section */
		C5C9BB6027895F580005086C /* Embed App Extensions */ = {
			isa = PBXCopyFilesBuildPhase;
			buildActionMask = 2147483647;
			dstPath = "";
			dstSubfolderSpec = 13;
			files = (
				C5C9BB5F27895F580005086C /* Aarle-macOS-ShareExtension.appex in Embed App Extensions */,
			);
			name = "Embed App Extensions";
			runOnlyForDeploymentPostprocessing = 0;
		};
		C5FAE118279BE0ED007E763B /* Embed App Extensions */ = {
			isa = PBXCopyFilesBuildPhase;
			buildActionMask = 2147483647;
			dstPath = "";
			dstSubfolderSpec = 13;
			files = (
				C5FAE117279BE0ED007E763B /* Aarle-iOS-ShareExtension.appex in Embed App Extensions */,
			);
			name = "Embed App Extensions";
			runOnlyForDeploymentPostprocessing = 0;
		};
/* End PBXCopyFilesBuildPhase section */

/* Begin PBXFileReference section */
		C50342A5294AEFE300CF5980 /* Tag */ = {isa = PBXFileReference; lastKnownFileType = wrapper; path = Tag; sourceTree = "<group>"; };
		C50D957228C0A02600512FF7 /* OverallAppState.swift */ = {isa = PBXFileReference; lastKnownFileType = sourcecode.swift; path = OverallAppState.swift; sourceTree = "<group>"; };
		C5126706280DAC73009714FA /* DownloadedListView.swift */ = {isa = PBXFileReference; lastKnownFileType = sourcecode.swift; path = DownloadedListView.swift; sourceTree = "<group>"; };
		C513721C27EEF22C00E80F3D /* LinkdingClient.swift */ = {isa = PBXFileReference; lastKnownFileType = sourcecode.swift; path = LinkdingClient.swift; sourceTree = "<group>"; };
		C5165652278EB849006A55A7 /* InitialContentView.swift */ = {isa = PBXFileReference; lastKnownFileType = sourcecode.swift; path = InitialContentView.swift; sourceTree = "<group>"; };
		C52C60B828D9832D000637E1 /* List */ = {isa = PBXFileReference; lastKnownFileType = wrapper; path = List; sourceTree = "<group>"; };
		C53ED62227856B5000397910 /* ShaarliClient.swift */ = {isa = PBXFileReference; lastKnownFileType = sourcecode.swift; path = ShaarliClient.swift; sourceTree = "<group>"; };
		C54210C62796A8A1000F07DC /* UserDefaults+Suite.swift */ = {isa = PBXFileReference; lastKnownFileType = sourcecode.swift; path = "UserDefaults+Suite.swift"; sourceTree = "<group>"; };
		C54D98D0278AB9F2003B1EB9 /* LinkAddView.swift */ = {isa = PBXFileReference; lastKnownFileType = sourcecode.swift; path = LinkAddView.swift; sourceTree = "<group>"; };
		C54D98D6278AD1BE003B1EB9 /* Pasteboard.swift */ = {isa = PBXFileReference; lastKnownFileType = sourcecode.swift; path = Pasteboard.swift; sourceTree = "<group>"; };
		C553EA2327860F1E0060F45B /* Aarlo (iOS).entitlements */ = {isa = PBXFileReference; lastKnownFileType = text.plist.entitlements; path = "Aarlo (iOS).entitlements"; sourceTree = "<group>"; };
		C557ED2028D8270F0037D9A6 /* Navigation */ = {isa = PBXFileReference; lastKnownFileType = wrapper; path = Navigation; sourceTree = "<group>"; };
		C56A379627A1DCA2005A5B8E /* Aarle--macOS--Info.plist */ = {isa = PBXFileReference; lastKnownFileType = text.plist.xml; path = "Aarle--macOS--Info.plist"; sourceTree = "<group>"; };
		C5782B302781E97900321138 /* LinkItemView.swift */ = {isa = PBXFileReference; lastKnownFileType = sourcecode.swift; path = LinkItemView.swift; sourceTree = "<group>"; };
		C585F1F027A51EAF00AB0A6F /* ClientFactory.swift */ = {isa = PBXFileReference; lastKnownFileType = sourcecode.swift; path = ClientFactory.swift; sourceTree = "<group>"; };
		C585F1F527A5231E00AB0A6F /* PinboardClient.swift */ = {isa = PBXFileReference; lastKnownFileType = sourcecode.swift; path = PinboardClient.swift; sourceTree = "<group>"; };
		C585F1FF27A5429000AB0A6F /* Aarle--iOS--Info.plist */ = {isa = PBXFileReference; lastKnownFileType = text.plist; path = "Aarle--iOS--Info.plist"; sourceTree = "<group>"; };
		C59994F62781B96500FE1EBA /* AarloApp.swift */ = {isa = PBXFileReference; lastKnownFileType = sourcecode.swift; path = AarloApp.swift; sourceTree = "<group>"; };
		C59994F72781B96500FE1EBA /* ContentView.swift */ = {isa = PBXFileReference; lastKnownFileType = sourcecode.swift; path = ContentView.swift; sourceTree = "<group>"; };
		C59994F82781B96700FE1EBA /* Assets.xcassets */ = {isa = PBXFileReference; lastKnownFileType = folder.assetcatalog; path = Assets.xcassets; sourceTree = "<group>"; };
		C59994FD2781B96700FE1EBA /* aarle.app */ = {isa = PBXFileReference; explicitFileType = wrapper.application; includeInIndex = 0; path = aarle.app; sourceTree = BUILT_PRODUCTS_DIR; };
		C59995032781B96700FE1EBA /* aarle.app */ = {isa = PBXFileReference; explicitFileType = wrapper.application; includeInIndex = 0; path = aarle.app; sourceTree = BUILT_PRODUCTS_DIR; };
		C59995052781B96700FE1EBA /* macOS.entitlements */ = {isa = PBXFileReference; lastKnownFileType = text.plist.entitlements; path = macOS.entitlements; sourceTree = "<group>"; };
		C59995222781C97C00FE1EBA /* ShaarliClaims.swift */ = {isa = PBXFileReference; lastKnownFileType = sourcecode.swift; path = ShaarliClaims.swift; sourceTree = "<group>"; };
		C5AE05042903B8D400F4C0E5 /* LinkCommands.swift */ = {isa = PBXFileReference; lastKnownFileType = sourcecode.swift; path = LinkCommands.swift; sourceTree = "<group>"; };
		C5AE1584278813B400480C83 /* WebView.swift */ = {isa = PBXFileReference; fileEncoding = 4; lastKnownFileType = sourcecode.swift; path = WebView.swift; sourceTree = "<group>"; };
		C5AE15872788196C00480C83 /* SidebarView.swift */ = {isa = PBXFileReference; lastKnownFileType = sourcecode.swift; path = SidebarView.swift; sourceTree = "<group>"; };
		C5C11F80279A8FAC006981CE /* ExtensionClass.js */ = {isa = PBXFileReference; lastKnownFileType = sourcecode.javascript; path = ExtensionClass.js; sourceTree = "<group>"; };
		C5C9BB5227895F580005086C /* Aarle-macOS-ShareExtension.appex */ = {isa = PBXFileReference; explicitFileType = "wrapper.app-extension"; includeInIndex = 0; path = "Aarle-macOS-ShareExtension.appex"; sourceTree = BUILT_PRODUCTS_DIR; };
		C5C9BB5427895F580005086C /* icon.icns */ = {isa = PBXFileReference; lastKnownFileType = image.icns; path = icon.icns; sourceTree = "<group>"; };
		C5C9BB5627895F580005086C /* ShareViewController.swift */ = {isa = PBXFileReference; lastKnownFileType = sourcecode.swift; path = ShareViewController.swift; sourceTree = "<group>"; };
		C5C9BB5927895F580005086C /* Base */ = {isa = PBXFileReference; lastKnownFileType = file.xib; name = Base; path = Base.lproj/ShareViewController.xib; sourceTree = "<group>"; };
		C5C9BB5B27895F580005086C /* Info.plist */ = {isa = PBXFileReference; lastKnownFileType = text.plist.xml; path = Info.plist; sourceTree = "<group>"; };
		C5C9BB5C27895F580005086C /* Aarlo_macOS_ShareExtension.entitlements */ = {isa = PBXFileReference; lastKnownFileType = text.plist.entitlements; path = Aarlo_macOS_ShareExtension.entitlements; sourceTree = "<group>"; };
		C5E2AEC0278F4995005F6832 /* ItemDetailView.swift */ = {isa = PBXFileReference; lastKnownFileType = sourcecode.swift; path = ItemDetailView.swift; sourceTree = "<group>"; };
		C5E4E3632786C833000E79F0 /* LinkEditView.swift */ = {isa = PBXFileReference; lastKnownFileType = sourcecode.swift; path = LinkEditView.swift; sourceTree = "<group>"; };
		C5EB794F28D6E48200D99716 /* Types */ = {isa = PBXFileReference; lastKnownFileType = wrapper; path = Types; sourceTree = "<group>"; };
		C5EB795828D6E7A400D99716 /* AarleKeychain */ = {isa = PBXFileReference; lastKnownFileType = wrapper; path = AarleKeychain; sourceTree = "<group>"; };
		C5EB796128D6EA7D00D99716 /* Settings */ = {isa = PBXFileReference; lastKnownFileType = wrapper; path = Settings; sourceTree = "<group>"; };
		C5EB796A28D6F44300D99716 /* Archive */ = {isa = PBXFileReference; lastKnownFileType = wrapper; path = Archive; sourceTree = "<group>"; };
		C5FAE10D279BE0ED007E763B /* Aarle-iOS-ShareExtension.appex */ = {isa = PBXFileReference; explicitFileType = "wrapper.app-extension"; includeInIndex = 0; path = "Aarle-iOS-ShareExtension.appex"; sourceTree = BUILT_PRODUCTS_DIR; };
		C5FAE10F279BE0ED007E763B /* ShareViewController.swift */ = {isa = PBXFileReference; lastKnownFileType = sourcecode.swift; path = ShareViewController.swift; sourceTree = "<group>"; };
		C5FAE112279BE0ED007E763B /* Base */ = {isa = PBXFileReference; lastKnownFileType = file.storyboard; name = Base; path = Base.lproj/MainInterface.storyboard; sourceTree = "<group>"; };
		C5FAE114279BE0ED007E763B /* Info.plist */ = {isa = PBXFileReference; lastKnownFileType = text.plist.xml; path = Info.plist; sourceTree = "<group>"; };
		C5FAE12C279BE32F007E763B /* Aarlo-iOS-ShareExtension.entitlements */ = {isa = PBXFileReference; lastKnownFileType = text.plist.entitlements; path = "Aarlo-iOS-ShareExtension.entitlements"; sourceTree = "<group>"; };
		C5FAE12E279BE384007E763B /* NSItemProvider+Async.swift */ = {isa = PBXFileReference; lastKnownFileType = sourcecode.swift; path = "NSItemProvider+Async.swift"; sourceTree = "<group>"; };
		C5FAE134279BE68A007E763B /* ExtensionClass.js */ = {isa = PBXFileReference; fileEncoding = 4; lastKnownFileType = sourcecode.javascript; path = ExtensionClass.js; sourceTree = "<group>"; };
/* End PBXFileReference section */

/* Begin PBXFrameworksBuildPhase section */
		C59994FA2781B96700FE1EBA /* Frameworks */ = {
			isa = PBXFrameworksBuildPhase;
			buildActionMask = 2147483647;
			files = (
				C5EB795128D6E49200D99716 /* Types in Frameworks */,
				C5EB796328D6EAC300D99716 /* Settings in Frameworks */,
				C5F71F832784CA7A009CF84C /* SwiftUIX in Frameworks */,
				C557ED2228D8272B0037D9A6 /* Navigation in Frameworks */,
				C5EB796C28D6F46100D99716 /* Archive in Frameworks */,
				C50342A9294AF03100CF5980 /* Tag in Frameworks */,
				C540CEF627AF9B3200432E18 /* Introspect in Frameworks */,
				C5EB795A28D6E86700D99716 /* AarleKeychain in Frameworks */,
				C5782B3A2782E82800321138 /* KeychainAccess in Frameworks */,
				C52C60C028D98353000637E1 /* List in Frameworks */,
				C599951D2781C93000FE1EBA /* SwiftJWT in Frameworks */,
			);
			runOnlyForDeploymentPostprocessing = 0;
		};
		C59995002781B96700FE1EBA /* Frameworks */ = {
			isa = PBXFrameworksBuildPhase;
			buildActionMask = 2147483647;
			files = (
				C5EB795328D6E49600D99716 /* Types in Frameworks */,
				C5EB796528D6EAC900D99716 /* Settings in Frameworks */,
				C5F71F852784CA96009CF84C /* SwiftUIX in Frameworks */,
				C557ED2428D827310037D9A6 /* Navigation in Frameworks */,
				C5EB796E28D6F46500D99716 /* Archive in Frameworks */,
				C50342A7294AF02800CF5980 /* Tag in Frameworks */,
				C540CEF827AF9B3A00432E18 /* Introspect in Frameworks */,
				C5EB795C28D6E86D00D99716 /* AarleKeychain in Frameworks */,
				C5782B382782E53800321138 /* KeychainAccess in Frameworks */,
				C52C60BE28D9834D000637E1 /* List in Frameworks */,
				C59995202781C93900FE1EBA /* SwiftJWT in Frameworks */,
			);
			runOnlyForDeploymentPostprocessing = 0;
		};
		C5C9BB4F27895F580005086C /* Frameworks */ = {
			isa = PBXFrameworksBuildPhase;
			buildActionMask = 2147483647;
			files = (
				C5EB795528D6E49B00D99716 /* Types in Frameworks */,
				C5EB796728D6EB8800D99716 /* Settings in Frameworks */,
				C54210C32796A6FF000F07DC /* KeychainAccess in Frameworks */,
				C557ED2628D827360037D9A6 /* Navigation in Frameworks */,
				C5EB797028D6FE1700D99716 /* Archive in Frameworks */,
				C50342AB294AF03600CF5980 /* Tag in Frameworks */,
				C540CEFA27AF9B3F00432E18 /* Introspect in Frameworks */,
				C5EB795E28D6E87300D99716 /* AarleKeychain in Frameworks */,
				C54210C12796A6F9000F07DC /* SwiftUIX in Frameworks */,
				C52C60BC28D98348000637E1 /* List in Frameworks */,
				C54210C52796A704000F07DC /* SwiftJWT in Frameworks */,
			);
			runOnlyForDeploymentPostprocessing = 0;
		};
		C5FAE10A279BE0ED007E763B /* Frameworks */ = {
			isa = PBXFrameworksBuildPhase;
			buildActionMask = 2147483647;
			files = (
				C5EB795728D6E49E00D99716 /* Types in Frameworks */,
				C5EB796928D6EB8E00D99716 /* Settings in Frameworks */,
				C5FAE12B279BE324007E763B /* SwiftUIX in Frameworks */,
				C557ED2828D8273C0037D9A6 /* Navigation in Frameworks */,
				C5EB797228D6FE1C00D99716 /* Archive in Frameworks */,
				C50342AD294AF03B00CF5980 /* Tag in Frameworks */,
				C540CEFC27AF9B4400432E18 /* Introspect in Frameworks */,
				C5EB796028D6E87700D99716 /* AarleKeychain in Frameworks */,
				C5FAE129279BE324007E763B /* SwiftJWT in Frameworks */,
				C52C60BA28D98345000637E1 /* List in Frameworks */,
				C5FAE127279BE31F007E763B /* KeychainAccess in Frameworks */,
			);
			runOnlyForDeploymentPostprocessing = 0;
		};
/* End PBXFrameworksBuildPhase section */

/* Begin PBXGroup section */
		C53ED62527856CD900397910 /* Stores */ = {
			isa = PBXGroup;
			children = (
				C50D957228C0A02600512FF7 /* OverallAppState.swift */,
			);
			path = Stores;
			sourceTree = "<group>";
		};
		C5782B2F2781E96900321138 /* Views */ = {
			isa = PBXGroup;
			children = (
				C5AE1584278813B400480C83 /* WebView.swift */,
				C5782B302781E97900321138 /* LinkItemView.swift */,
				C5E4E3632786C833000E79F0 /* LinkEditView.swift */,
				C5AE15872788196C00480C83 /* SidebarView.swift */,
				C54D98D0278AB9F2003B1EB9 /* LinkAddView.swift */,
				C5165652278EB849006A55A7 /* InitialContentView.swift */,
				C5E2AEC0278F4995005F6832 /* ItemDetailView.swift */,
				C5126706280DAC73009714FA /* DownloadedListView.swift */,
			);
			path = Views;
			sourceTree = "<group>";
		};
		C59994F02781B96500FE1EBA = {
			isa = PBXGroup;
			children = (
				C50342A5294AEFE300CF5980 /* Tag */,
				C52C60B828D9832D000637E1 /* List */,
				C557ED2028D8270F0037D9A6 /* Navigation */,
				C5EB796A28D6F44300D99716 /* Archive */,
				C5EB796128D6EA7D00D99716 /* Settings */,
				C5EB795828D6E7A400D99716 /* AarleKeychain */,
				C5EB794F28D6E48200D99716 /* Types */,
				C585F1FF27A5429000AB0A6F /* Aarle--iOS--Info.plist */,
				C56A379627A1DCA2005A5B8E /* Aarle--macOS--Info.plist */,
				C553EA2327860F1E0060F45B /* Aarlo (iOS).entitlements */,
				C59994F52781B96500FE1EBA /* Shared */,
				C59995042781B96700FE1EBA /* macOS */,
				C5C9BB5327895F580005086C /* Aarlo-macOS-ShareExtension */,
				C5FAE10E279BE0ED007E763B /* Aarlo-iOS-ShareExtension */,
				C59994FE2781B96700FE1EBA /* Products */,
				C599951E2781C93900FE1EBA /* Frameworks */,
			);
			sourceTree = "<group>";
		};
		C59994F52781B96500FE1EBA /* Shared */ = {
			isa = PBXGroup;
			children = (
				C5AE05032903B8C700F4C0E5 /* Commands */,
				C53ED62527856CD900397910 /* Stores */,
				C5782B2F2781E96900321138 /* Views */,
				C59995212781C95600FE1EBA /* Networking */,
				C59994F62781B96500FE1EBA /* AarloApp.swift */,
				C59994F72781B96500FE1EBA /* ContentView.swift */,
				C59994F82781B96700FE1EBA /* Assets.xcassets */,
				C54210C62796A8A1000F07DC /* UserDefaults+Suite.swift */,
				C5FAE12E279BE384007E763B /* NSItemProvider+Async.swift */,
				C54D98D6278AD1BE003B1EB9 /* Pasteboard.swift */,
			);
			path = Shared;
			sourceTree = "<group>";
		};
		C59994FE2781B96700FE1EBA /* Products */ = {
			isa = PBXGroup;
			children = (
				C59994FD2781B96700FE1EBA /* aarle.app */,
				C59995032781B96700FE1EBA /* aarle.app */,
				C5C9BB5227895F580005086C /* Aarle-macOS-ShareExtension.appex */,
				C5FAE10D279BE0ED007E763B /* Aarle-iOS-ShareExtension.appex */,
			);
			name = Products;
			sourceTree = "<group>";
		};
		C59995042781B96700FE1EBA /* macOS */ = {
			isa = PBXGroup;
			children = (
				C59995052781B96700FE1EBA /* macOS.entitlements */,
			);
			path = macOS;
			sourceTree = "<group>";
		};
		C599951E2781C93900FE1EBA /* Frameworks */ = {
			isa = PBXGroup;
			children = (
			);
			name = Frameworks;
			sourceTree = "<group>";
		};
		C59995212781C95600FE1EBA /* Networking */ = {
			isa = PBXGroup;
			children = (
				C59995222781C97C00FE1EBA /* ShaarliClaims.swift */,
				C53ED62227856B5000397910 /* ShaarliClient.swift */,
				C585F1F027A51EAF00AB0A6F /* ClientFactory.swift */,
				C585F1F527A5231E00AB0A6F /* PinboardClient.swift */,
				C513721C27EEF22C00E80F3D /* LinkdingClient.swift */,
			);
			path = Networking;
			sourceTree = "<group>";
		};
		C5AE05032903B8C700F4C0E5 /* Commands */ = {
			isa = PBXGroup;
			children = (
				C5AE05042903B8D400F4C0E5 /* LinkCommands.swift */,
			);
			path = Commands;
			sourceTree = "<group>";
		};
		C5C9BB5327895F580005086C /* Aarlo-macOS-ShareExtension */ = {
			isa = PBXGroup;
			children = (
				C5C9BB5427895F580005086C /* icon.icns */,
				C5C9BB5627895F580005086C /* ShareViewController.swift */,
				C5C9BB5827895F580005086C /* ShareViewController.xib */,
				C5C9BB5B27895F580005086C /* Info.plist */,
				C5C9BB5C27895F580005086C /* Aarlo_macOS_ShareExtension.entitlements */,
				C5C11F80279A8FAC006981CE /* ExtensionClass.js */,
			);
			path = "Aarlo-macOS-ShareExtension";
			sourceTree = "<group>";
		};
		C5FAE10E279BE0ED007E763B /* Aarlo-iOS-ShareExtension */ = {
			isa = PBXGroup;
			children = (
				C5FAE134279BE68A007E763B /* ExtensionClass.js */,
				C5FAE12C279BE32F007E763B /* Aarlo-iOS-ShareExtension.entitlements */,
				C5FAE10F279BE0ED007E763B /* ShareViewController.swift */,
				C5FAE111279BE0ED007E763B /* MainInterface.storyboard */,
				C5FAE114279BE0ED007E763B /* Info.plist */,
			);
			path = "Aarlo-iOS-ShareExtension";
			sourceTree = "<group>";
		};
/* End PBXGroup section */

/* Begin PBXNativeTarget section */
		C59994FC2781B96700FE1EBA /* Aarle (iOS) */ = {
			isa = PBXNativeTarget;
			buildConfigurationList = C599950E2781B96700FE1EBA /* Build configuration list for PBXNativeTarget "Aarle (iOS)" */;
			buildPhases = (
				C59994F92781B96700FE1EBA /* Sources */,
				C59994FA2781B96700FE1EBA /* Frameworks */,
				C59994FB2781B96700FE1EBA /* Resources */,
				C5FAE118279BE0ED007E763B /* Embed App Extensions */,
			);
			buildRules = (
			);
			dependencies = (
				C5FAE116279BE0ED007E763B /* PBXTargetDependency */,
			);
			name = "Aarle (iOS)";
			packageProductDependencies = (
				C599951C2781C93000FE1EBA /* SwiftJWT */,
				C5782B392782E82800321138 /* KeychainAccess */,
				C5F71F822784CA7A009CF84C /* SwiftUIX */,
				C540CEF527AF9B3200432E18 /* Introspect */,
				C5EB795028D6E49200D99716 /* Types */,
				C5EB795928D6E86700D99716 /* AarleKeychain */,
				C5EB796228D6EAC300D99716 /* Settings */,
				C5EB796B28D6F46100D99716 /* Archive */,
				C557ED2128D8272B0037D9A6 /* Navigation */,
				C52C60BF28D98353000637E1 /* List */,
				C50342A8294AF03100CF5980 /* Tag */,
			);
			productName = "Aarlo (iOS)";
			productReference = C59994FD2781B96700FE1EBA /* aarle.app */;
			productType = "com.apple.product-type.application";
		};
		C59995022781B96700FE1EBA /* Aarle (macOS) */ = {
			isa = PBXNativeTarget;
			buildConfigurationList = C59995112781B96700FE1EBA /* Build configuration list for PBXNativeTarget "Aarle (macOS)" */;
			buildPhases = (
				C59994FF2781B96700FE1EBA /* Sources */,
				C59995002781B96700FE1EBA /* Frameworks */,
				C59995012781B96700FE1EBA /* Resources */,
				C5C9BB6027895F580005086C /* Embed App Extensions */,
			);
			buildRules = (
			);
			dependencies = (
				C5C9BB5E27895F580005086C /* PBXTargetDependency */,
			);
			name = "Aarle (macOS)";
			packageProductDependencies = (
				C599951F2781C93900FE1EBA /* SwiftJWT */,
				C5782B372782E53800321138 /* KeychainAccess */,
				C5F71F842784CA96009CF84C /* SwiftUIX */,
				C540CEF727AF9B3A00432E18 /* Introspect */,
				C5EB795228D6E49600D99716 /* Types */,
				C5EB795B28D6E86D00D99716 /* AarleKeychain */,
				C5EB796428D6EAC900D99716 /* Settings */,
				C5EB796D28D6F46500D99716 /* Archive */,
				C557ED2328D827310037D9A6 /* Navigation */,
				C52C60BD28D9834D000637E1 /* List */,
				C50342A6294AF02800CF5980 /* Tag */,
			);
			productName = "Aarlo (macOS)";
			productReference = C59995032781B96700FE1EBA /* aarle.app */;
			productType = "com.apple.product-type.application";
		};
		C5C9BB5127895F580005086C /* Aarle-macOS-ShareExtension */ = {
			isa = PBXNativeTarget;
			buildConfigurationList = C5C9BB6327895F580005086C /* Build configuration list for PBXNativeTarget "Aarle-macOS-ShareExtension" */;
			buildPhases = (
				C5C9BB4E27895F580005086C /* Sources */,
				C5C9BB4F27895F580005086C /* Frameworks */,
				C5C9BB5027895F580005086C /* Resources */,
			);
			buildRules = (
			);
			dependencies = (
			);
			name = "Aarle-macOS-ShareExtension";
			packageProductDependencies = (
				C54210C02796A6F9000F07DC /* SwiftUIX */,
				C54210C22796A6FF000F07DC /* KeychainAccess */,
				C54210C42796A704000F07DC /* SwiftJWT */,
				C540CEF927AF9B3F00432E18 /* Introspect */,
				C5EB795428D6E49B00D99716 /* Types */,
				C5EB795D28D6E87300D99716 /* AarleKeychain */,
				C5EB796628D6EB8800D99716 /* Settings */,
				C5EB796F28D6FE1700D99716 /* Archive */,
				C557ED2528D827360037D9A6 /* Navigation */,
				C52C60BB28D98348000637E1 /* List */,
				C50342AA294AF03600CF5980 /* Tag */,
			);
			productName = "Aarlo-macOS-ShareExtension";
			productReference = C5C9BB5227895F580005086C /* Aarle-macOS-ShareExtension.appex */;
			productType = "com.apple.product-type.app-extension";
		};
		C5FAE10C279BE0ED007E763B /* Aarle-iOS-ShareExtension */ = {
			isa = PBXNativeTarget;
			buildConfigurationList = C5FAE11B279BE0ED007E763B /* Build configuration list for PBXNativeTarget "Aarle-iOS-ShareExtension" */;
			buildPhases = (
				C5FAE109279BE0ED007E763B /* Sources */,
				C5FAE10A279BE0ED007E763B /* Frameworks */,
				C5FAE10B279BE0ED007E763B /* Resources */,
			);
			buildRules = (
			);
			dependencies = (
			);
			name = "Aarle-iOS-ShareExtension";
			packageProductDependencies = (
				C5FAE126279BE31F007E763B /* KeychainAccess */,
				C5FAE128279BE324007E763B /* SwiftJWT */,
				C5FAE12A279BE324007E763B /* SwiftUIX */,
				C540CEFB27AF9B4400432E18 /* Introspect */,
				C5EB795628D6E49E00D99716 /* Types */,
				C5EB795F28D6E87700D99716 /* AarleKeychain */,
				C5EB796828D6EB8E00D99716 /* Settings */,
				C5EB797128D6FE1C00D99716 /* Archive */,
				C557ED2728D8273C0037D9A6 /* Navigation */,
				C52C60B928D98345000637E1 /* List */,
				C50342AC294AF03B00CF5980 /* Tag */,
			);
			productName = "Aarlo-iOS-ShareExtension";
			productReference = C5FAE10D279BE0ED007E763B /* Aarle-iOS-ShareExtension.appex */;
			productType = "com.apple.product-type.app-extension";
		};
/* End PBXNativeTarget section */

/* Begin PBXProject section */
		C59994F12781B96500FE1EBA /* Project object */ = {
			isa = PBXProject;
			attributes = {
				BuildIndependentTargetsInParallel = 1;
				LastSwiftUpdateCheck = 1320;
				LastUpgradeCheck = 1330;
				TargetAttributes = {
					C59994FC2781B96700FE1EBA = {
						CreatedOnToolsVersion = 13.2.1;
					};
					C59995022781B96700FE1EBA = {
						CreatedOnToolsVersion = 13.2.1;
					};
					C5C9BB5127895F580005086C = {
						CreatedOnToolsVersion = 13.2.1;
					};
					C5FAE10C279BE0ED007E763B = {
						CreatedOnToolsVersion = 13.2.1;
					};
				};
			};
			buildConfigurationList = C59994F42781B96500FE1EBA /* Build configuration list for PBXProject "Aarle" */;
			compatibilityVersion = "Xcode 13.0";
			developmentRegion = en;
			hasScannedForEncodings = 0;
			knownRegions = (
				en,
				Base,
			);
			mainGroup = C59994F02781B96500FE1EBA;
			packageReferences = (
				C599951B2781C93000FE1EBA /* XCRemoteSwiftPackageReference "Swift-JWT" */,
				C5782B362782E53800321138 /* XCRemoteSwiftPackageReference "KeychainAccess" */,
				C5F71F812784CA7A009CF84C /* XCRemoteSwiftPackageReference "SwiftUIX" */,
				C540CEF427AF9B3200432E18 /* XCRemoteSwiftPackageReference "SwiftUI-Introspect" */,
			);
			productRefGroup = C59994FE2781B96700FE1EBA /* Products */;
			projectDirPath = "";
			projectRoot = "";
			targets = (
				C59994FC2781B96700FE1EBA /* Aarle (iOS) */,
				C59995022781B96700FE1EBA /* Aarle (macOS) */,
				C5C9BB5127895F580005086C /* Aarle-macOS-ShareExtension */,
				C5FAE10C279BE0ED007E763B /* Aarle-iOS-ShareExtension */,
			);
		};
/* End PBXProject section */

/* Begin PBXResourcesBuildPhase section */
		C59994FB2781B96700FE1EBA /* Resources */ = {
			isa = PBXResourcesBuildPhase;
			buildActionMask = 2147483647;
			files = (
				C599950A2781B96700FE1EBA /* Assets.xcassets in Resources */,
			);
			runOnlyForDeploymentPostprocessing = 0;
		};
		C59995012781B96700FE1EBA /* Resources */ = {
			isa = PBXResourcesBuildPhase;
			buildActionMask = 2147483647;
			files = (
				C599950B2781B96700FE1EBA /* Assets.xcassets in Resources */,
			);
			runOnlyForDeploymentPostprocessing = 0;
		};
		C5C9BB5027895F580005086C /* Resources */ = {
			isa = PBXResourcesBuildPhase;
			buildActionMask = 2147483647;
			files = (
				C5C9BB5A27895F580005086C /* ShareViewController.xib in Resources */,
				C5FAE148279BE91A007E763B /* ExtensionClass.js in Resources */,
				C5C9BB5527895F580005086C /* icon.icns in Resources */,
			);
			runOnlyForDeploymentPostprocessing = 0;
		};
		C5FAE10B279BE0ED007E763B /* Resources */ = {
			isa = PBXResourcesBuildPhase;
			buildActionMask = 2147483647;
			files = (
				C5FAE113279BE0ED007E763B /* MainInterface.storyboard in Resources */,
				C5FAE135279BE68A007E763B /* ExtensionClass.js in Resources */,
			);
			runOnlyForDeploymentPostprocessing = 0;
		};
/* End PBXResourcesBuildPhase section */

/* Begin PBXSourcesBuildPhase section */
		C59994F92781B96700FE1EBA /* Sources */ = {
			isa = PBXSourcesBuildPhase;
			buildActionMask = 2147483647;
			files = (
				C585F1F627A5231E00AB0A6F /* PinboardClient.swift in Sources */,
				C5782B312781E97900321138 /* LinkItemView.swift in Sources */,
				C5AE1585278813B400480C83 /* WebView.swift in Sources */,
				C5E4E3642786C833000E79F0 /* LinkEditView.swift in Sources */,
				C54D98D7278AD1BE003B1EB9 /* Pasteboard.swift in Sources */,
				C5126707280DAC73009714FA /* DownloadedListView.swift in Sources */,
				C54210C72796A8A1000F07DC /* UserDefaults+Suite.swift in Sources */,
				C59995082781B96700FE1EBA /* ContentView.swift in Sources */,
				C5AE05052903B8D400F4C0E5 /* LinkCommands.swift in Sources */,
				C59995062781B96700FE1EBA /* AarloApp.swift in Sources */,
				C5AE15882788196C00480C83 /* SidebarView.swift in Sources */,
				C53ED62327856B5000397910 /* ShaarliClient.swift in Sources */,
				C50D957328C0A02600512FF7 /* OverallAppState.swift in Sources */,
				C5E2AEC1278F4995005F6832 /* ItemDetailView.swift in Sources */,
				C54D98D1278AB9F2003B1EB9 /* LinkAddView.swift in Sources */,
				C513721D27EEF22C00E80F3D /* LinkdingClient.swift in Sources */,
				C5165653278EB849006A55A7 /* InitialContentView.swift in Sources */,
				C59995232781C97C00FE1EBA /* ShaarliClaims.swift in Sources */,
				C585F1F127A51EAF00AB0A6F /* ClientFactory.swift in Sources */,
			);
			runOnlyForDeploymentPostprocessing = 0;
		};
		C59994FF2781B96700FE1EBA /* Sources */ = {
			isa = PBXSourcesBuildPhase;
			buildActionMask = 2147483647;
			files = (
				C585F1F727A5231E00AB0A6F /* PinboardClient.swift in Sources */,
				C5782B322781E97900321138 /* LinkItemView.swift in Sources */,
				C5AE1586278813B400480C83 /* WebView.swift in Sources */,
				C5E4E3652786C833000E79F0 /* LinkEditView.swift in Sources */,
				C54D98D8278AD1BE003B1EB9 /* Pasteboard.swift in Sources */,
				C5126708280DAC73009714FA /* DownloadedListView.swift in Sources */,
				C54210C82796A8A1000F07DC /* UserDefaults+Suite.swift in Sources */,
				C59995092781B96700FE1EBA /* ContentView.swift in Sources */,
				C5AE05062903B99A00F4C0E5 /* LinkCommands.swift in Sources */,
				C59995072781B96700FE1EBA /* AarloApp.swift in Sources */,
				C5AE15892788196C00480C83 /* SidebarView.swift in Sources */,
				C53ED62427856B5000397910 /* ShaarliClient.swift in Sources */,
				C50D957428C0A02600512FF7 /* OverallAppState.swift in Sources */,
				C5E2AEC2278F4995005F6832 /* ItemDetailView.swift in Sources */,
				C54D98D2278AB9F2003B1EB9 /* LinkAddView.swift in Sources */,
				C513721E27EEF22C00E80F3D /* LinkdingClient.swift in Sources */,
				C5165654278EB849006A55A7 /* InitialContentView.swift in Sources */,
				C59995242781C97C00FE1EBA /* ShaarliClaims.swift in Sources */,
				C585F1F227A51EAF00AB0A6F /* ClientFactory.swift in Sources */,
			);
			runOnlyForDeploymentPostprocessing = 0;
		};
		C5C9BB4E27895F580005086C /* Sources */ = {
			isa = PBXSourcesBuildPhase;
			buildActionMask = 2147483647;
			files = (
				C50D957528C0A02600512FF7 /* OverallAppState.swift in Sources */,
				C5FAE131279BE384007E763B /* NSItemProvider+Async.swift in Sources */,
				C54210BC2796A6BA000F07DC /* ShaarliClient.swift in Sources */,
				C513721F27EEF22C00E80F3D /* LinkdingClient.swift in Sources */,
				C54210C92796A8A1000F07DC /* UserDefaults+Suite.swift in Sources */,
				C54210BD2796A6BD000F07DC /* ShaarliClaims.swift in Sources */,
				C54210B82796A6A0000F07DC /* LinkAddView.swift in Sources */,
				C5C9BB5727895F580005086C /* ShareViewController.swift in Sources */,
				C585F1F327A51EAF00AB0A6F /* ClientFactory.swift in Sources */,
				C585F1F827A5231E00AB0A6F /* PinboardClient.swift in Sources */,
			);
			runOnlyForDeploymentPostprocessing = 0;
		};
		C5FAE109279BE0ED007E763B /* Sources */ = {
			isa = PBXSourcesBuildPhase;
			buildActionMask = 2147483647;
			files = (
				C50D957628C0A02600512FF7 /* OverallAppState.swift in Sources */,
				C5FAE132279BE384007E763B /* NSItemProvider+Async.swift in Sources */,
				C513722027EEF22C00E80F3D /* LinkdingClient.swift in Sources */,
				C5FAE11E279BE2FC007E763B /* ShaarliClaims.swift in Sources */,
				C5FAE11F279BE2FF007E763B /* ShaarliClient.swift in Sources */,
				C5FAE11D279BE2F4007E763B /* LinkAddView.swift in Sources */,
				C5FAE110279BE0ED007E763B /* ShareViewController.swift in Sources */,
				C5FAE123279BE309007E763B /* UserDefaults+Suite.swift in Sources */,
				C585F1F427A51EAF00AB0A6F /* ClientFactory.swift in Sources */,
				C585F1F927A5231E00AB0A6F /* PinboardClient.swift in Sources */,
			);
			runOnlyForDeploymentPostprocessing = 0;
		};
/* End PBXSourcesBuildPhase section */

/* Begin PBXTargetDependency section */
		C5C9BB5E27895F580005086C /* PBXTargetDependency */ = {
			isa = PBXTargetDependency;
			target = C5C9BB5127895F580005086C /* Aarle-macOS-ShareExtension */;
			targetProxy = C5C9BB5D27895F580005086C /* PBXContainerItemProxy */;
		};
		C5FAE116279BE0ED007E763B /* PBXTargetDependency */ = {
			isa = PBXTargetDependency;
			target = C5FAE10C279BE0ED007E763B /* Aarle-iOS-ShareExtension */;
			targetProxy = C5FAE115279BE0ED007E763B /* PBXContainerItemProxy */;
		};
/* End PBXTargetDependency section */

/* Begin PBXVariantGroup section */
		C5C9BB5827895F580005086C /* ShareViewController.xib */ = {
			isa = PBXVariantGroup;
			children = (
				C5C9BB5927895F580005086C /* Base */,
			);
			name = ShareViewController.xib;
			sourceTree = "<group>";
		};
		C5FAE111279BE0ED007E763B /* MainInterface.storyboard */ = {
			isa = PBXVariantGroup;
			children = (
				C5FAE112279BE0ED007E763B /* Base */,
			);
			name = MainInterface.storyboard;
			sourceTree = "<group>";
		};
/* End PBXVariantGroup section */

/* Begin XCBuildConfiguration section */
		C599950C2781B96700FE1EBA /* Debug */ = {
			isa = XCBuildConfiguration;
			buildSettings = {
				ALWAYS_SEARCH_USER_PATHS = NO;
				CLANG_ANALYZER_NONNULL = YES;
				CLANG_ANALYZER_NUMBER_OBJECT_CONVERSION = YES_AGGRESSIVE;
				CLANG_CXX_LANGUAGE_STANDARD = "gnu++17";
				CLANG_CXX_LIBRARY = "libc++";
				CLANG_ENABLE_MODULES = YES;
				CLANG_ENABLE_OBJC_ARC = YES;
				CLANG_ENABLE_OBJC_WEAK = YES;
				CLANG_WARN_BLOCK_CAPTURE_AUTORELEASING = YES;
				CLANG_WARN_BOOL_CONVERSION = YES;
				CLANG_WARN_COMMA = YES;
				CLANG_WARN_CONSTANT_CONVERSION = YES;
				CLANG_WARN_DEPRECATED_OBJC_IMPLEMENTATIONS = YES;
				CLANG_WARN_DIRECT_OBJC_ISA_USAGE = YES_ERROR;
				CLANG_WARN_DOCUMENTATION_COMMENTS = YES;
				CLANG_WARN_EMPTY_BODY = YES;
				CLANG_WARN_ENUM_CONVERSION = YES;
				CLANG_WARN_INFINITE_RECURSION = YES;
				CLANG_WARN_INT_CONVERSION = YES;
				CLANG_WARN_NON_LITERAL_NULL_CONVERSION = YES;
				CLANG_WARN_OBJC_IMPLICIT_RETAIN_SELF = YES;
				CLANG_WARN_OBJC_LITERAL_CONVERSION = YES;
				CLANG_WARN_OBJC_ROOT_CLASS = YES_ERROR;
				CLANG_WARN_QUOTED_INCLUDE_IN_FRAMEWORK_HEADER = YES;
				CLANG_WARN_RANGE_LOOP_ANALYSIS = YES;
				CLANG_WARN_STRICT_PROTOTYPES = YES;
				CLANG_WARN_SUSPICIOUS_MOVE = YES;
				CLANG_WARN_UNGUARDED_AVAILABILITY = YES_AGGRESSIVE;
				CLANG_WARN_UNREACHABLE_CODE = YES;
				CLANG_WARN__DUPLICATE_METHOD_MATCH = YES;
				COPY_PHASE_STRIP = NO;
				DEBUG_INFORMATION_FORMAT = dwarf;
				ENABLE_STRICT_OBJC_MSGSEND = YES;
				ENABLE_TESTABILITY = YES;
				GCC_C_LANGUAGE_STANDARD = gnu11;
				GCC_DYNAMIC_NO_PIC = NO;
				GCC_NO_COMMON_BLOCKS = YES;
				GCC_OPTIMIZATION_LEVEL = 0;
				GCC_PREPROCESSOR_DEFINITIONS = (
					"DEBUG=1",
					"$(inherited)",
				);
				GCC_WARN_64_TO_32_BIT_CONVERSION = YES;
				GCC_WARN_ABOUT_RETURN_TYPE = YES_ERROR;
				GCC_WARN_UNDECLARED_SELECTOR = YES;
				GCC_WARN_UNINITIALIZED_AUTOS = YES_AGGRESSIVE;
				GCC_WARN_UNUSED_FUNCTION = YES;
				GCC_WARN_UNUSED_VARIABLE = YES;
				MTL_ENABLE_DEBUG_INFO = INCLUDE_SOURCE;
				MTL_FAST_MATH = YES;
				ONLY_ACTIVE_ARCH = YES;
				SWIFT_ACTIVE_COMPILATION_CONDITIONS = DEBUG;
				SWIFT_OPTIMIZATION_LEVEL = "-Onone";
			};
			name = Debug;
		};
		C599950D2781B96700FE1EBA /* Release */ = {
			isa = XCBuildConfiguration;
			buildSettings = {
				ALWAYS_SEARCH_USER_PATHS = NO;
				CLANG_ANALYZER_NONNULL = YES;
				CLANG_ANALYZER_NUMBER_OBJECT_CONVERSION = YES_AGGRESSIVE;
				CLANG_CXX_LANGUAGE_STANDARD = "gnu++17";
				CLANG_CXX_LIBRARY = "libc++";
				CLANG_ENABLE_MODULES = YES;
				CLANG_ENABLE_OBJC_ARC = YES;
				CLANG_ENABLE_OBJC_WEAK = YES;
				CLANG_WARN_BLOCK_CAPTURE_AUTORELEASING = YES;
				CLANG_WARN_BOOL_CONVERSION = YES;
				CLANG_WARN_COMMA = YES;
				CLANG_WARN_CONSTANT_CONVERSION = YES;
				CLANG_WARN_DEPRECATED_OBJC_IMPLEMENTATIONS = YES;
				CLANG_WARN_DIRECT_OBJC_ISA_USAGE = YES_ERROR;
				CLANG_WARN_DOCUMENTATION_COMMENTS = YES;
				CLANG_WARN_EMPTY_BODY = YES;
				CLANG_WARN_ENUM_CONVERSION = YES;
				CLANG_WARN_INFINITE_RECURSION = YES;
				CLANG_WARN_INT_CONVERSION = YES;
				CLANG_WARN_NON_LITERAL_NULL_CONVERSION = YES;
				CLANG_WARN_OBJC_IMPLICIT_RETAIN_SELF = YES;
				CLANG_WARN_OBJC_LITERAL_CONVERSION = YES;
				CLANG_WARN_OBJC_ROOT_CLASS = YES_ERROR;
				CLANG_WARN_QUOTED_INCLUDE_IN_FRAMEWORK_HEADER = YES;
				CLANG_WARN_RANGE_LOOP_ANALYSIS = YES;
				CLANG_WARN_STRICT_PROTOTYPES = YES;
				CLANG_WARN_SUSPICIOUS_MOVE = YES;
				CLANG_WARN_UNGUARDED_AVAILABILITY = YES_AGGRESSIVE;
				CLANG_WARN_UNREACHABLE_CODE = YES;
				CLANG_WARN__DUPLICATE_METHOD_MATCH = YES;
				COPY_PHASE_STRIP = NO;
				DEBUG_INFORMATION_FORMAT = "dwarf-with-dsym";
				ENABLE_NS_ASSERTIONS = NO;
				ENABLE_STRICT_OBJC_MSGSEND = YES;
				GCC_C_LANGUAGE_STANDARD = gnu11;
				GCC_NO_COMMON_BLOCKS = YES;
				GCC_WARN_64_TO_32_BIT_CONVERSION = YES;
				GCC_WARN_ABOUT_RETURN_TYPE = YES_ERROR;
				GCC_WARN_UNDECLARED_SELECTOR = YES;
				GCC_WARN_UNINITIALIZED_AUTOS = YES_AGGRESSIVE;
				GCC_WARN_UNUSED_FUNCTION = YES;
				GCC_WARN_UNUSED_VARIABLE = YES;
				MTL_ENABLE_DEBUG_INFO = NO;
				MTL_FAST_MATH = YES;
				SWIFT_COMPILATION_MODE = wholemodule;
				SWIFT_OPTIMIZATION_LEVEL = "-O";
			};
			name = Release;
		};
		C599950F2781B96700FE1EBA /* Debug */ = {
			isa = XCBuildConfiguration;
			buildSettings = {
				ALWAYS_EMBED_SWIFT_STANDARD_LIBRARIES = YES;
				ASSETCATALOG_COMPILER_APPICON_NAME = AppIcon;
				ASSETCATALOG_COMPILER_GLOBAL_ACCENT_COLOR_NAME = AccentColor;
				CODE_SIGN_ENTITLEMENTS = "Aarlo (iOS).entitlements";
				CODE_SIGN_STYLE = Automatic;
				CURRENT_PROJECT_VERSION = 100.5;
				DEVELOPMENT_TEAM = 9E8SXF3Y36;
				ENABLE_PREVIEWS = YES;
				GENERATE_INFOPLIST_FILE = YES;
				INFOPLIST_FILE = "Aarle--iOS--Info.plist";
				INFOPLIST_KEY_UIApplicationSceneManifest_Generation = YES;
				INFOPLIST_KEY_UIApplicationSupportsIndirectInputEvents = YES;
				INFOPLIST_KEY_UISupportedInterfaceOrientations_iPad = "UIInterfaceOrientationPortrait UIInterfaceOrientationPortraitUpsideDown UIInterfaceOrientationLandscapeLeft UIInterfaceOrientationLandscapeRight";
				INFOPLIST_KEY_UISupportedInterfaceOrientations_iPhone = "UIInterfaceOrientationPortrait UIInterfaceOrientationLandscapeLeft UIInterfaceOrientationLandscapeRight";
				IPHONEOS_DEPLOYMENT_TARGET = 16.0;
				LD_RUNPATH_SEARCH_PATHS = (
					"$(inherited)",
					"@executable_path/Frameworks",
				);
				MARKETING_VERSION = 1.0;
				PRODUCT_BUNDLE_IDENTIFIER = co.hartl.Aarle;
				PRODUCT_NAME = aarle;
				SDKROOT = iphoneos;
				SWIFT_EMIT_LOC_STRINGS = YES;
				SWIFT_VERSION = 5.0;
				TARGETED_DEVICE_FAMILY = "1,2";
			};
			name = Debug;
		};
		C59995102781B96700FE1EBA /* Release */ = {
			isa = XCBuildConfiguration;
			buildSettings = {
				ALWAYS_EMBED_SWIFT_STANDARD_LIBRARIES = YES;
				ASSETCATALOG_COMPILER_APPICON_NAME = AppIcon;
				ASSETCATALOG_COMPILER_GLOBAL_ACCENT_COLOR_NAME = AccentColor;
				CODE_SIGN_ENTITLEMENTS = "Aarlo (iOS).entitlements";
				CODE_SIGN_STYLE = Automatic;
				CURRENT_PROJECT_VERSION = 100.5;
				DEVELOPMENT_TEAM = 9E8SXF3Y36;
				ENABLE_PREVIEWS = YES;
				GENERATE_INFOPLIST_FILE = YES;
				INFOPLIST_FILE = "Aarle--iOS--Info.plist";
				INFOPLIST_KEY_UIApplicationSceneManifest_Generation = YES;
				INFOPLIST_KEY_UIApplicationSupportsIndirectInputEvents = YES;
				INFOPLIST_KEY_UISupportedInterfaceOrientations_iPad = "UIInterfaceOrientationPortrait UIInterfaceOrientationPortraitUpsideDown UIInterfaceOrientationLandscapeLeft UIInterfaceOrientationLandscapeRight";
				INFOPLIST_KEY_UISupportedInterfaceOrientations_iPhone = "UIInterfaceOrientationPortrait UIInterfaceOrientationLandscapeLeft UIInterfaceOrientationLandscapeRight";
				IPHONEOS_DEPLOYMENT_TARGET = 16.0;
				LD_RUNPATH_SEARCH_PATHS = (
					"$(inherited)",
					"@executable_path/Frameworks",
				);
				MARKETING_VERSION = 1.0;
				PRODUCT_BUNDLE_IDENTIFIER = co.hartl.Aarle;
				PRODUCT_NAME = aarle;
				SDKROOT = iphoneos;
				SWIFT_EMIT_LOC_STRINGS = YES;
				SWIFT_VERSION = 5.0;
				TARGETED_DEVICE_FAMILY = "1,2";
				VALIDATE_PRODUCT = YES;
			};
			name = Release;
		};
		C59995122781B96700FE1EBA /* Debug */ = {
			isa = XCBuildConfiguration;
			buildSettings = {
				ALWAYS_EMBED_SWIFT_STANDARD_LIBRARIES = YES;
				ASSETCATALOG_COMPILER_APPICON_NAME = AppIcon;
				ASSETCATALOG_COMPILER_GLOBAL_ACCENT_COLOR_NAME = AccentColor;
				CODE_SIGN_ENTITLEMENTS = macOS/macOS.entitlements;
				CODE_SIGN_IDENTITY = "Apple Development";
				CODE_SIGN_STYLE = Automatic;
				COMBINE_HIDPI_IMAGES = YES;
				CURRENT_PROJECT_VERSION = 100.5;
				DEVELOPMENT_TEAM = 9E8SXF3Y36;
				ENABLE_HARDENED_RUNTIME = YES;
				ENABLE_PREVIEWS = YES;
				GENERATE_INFOPLIST_FILE = YES;
				INFOPLIST_FILE = "Aarle--macOS--Info.plist";
				INFOPLIST_KEY_LSApplicationCategoryType = "public.app-category.productivity";
				INFOPLIST_KEY_NSHumanReadableCopyright = "";
				LD_RUNPATH_SEARCH_PATHS = (
					"$(inherited)",
					"@executable_path/../Frameworks",
				);
				MACOSX_DEPLOYMENT_TARGET = 13.0;
				MARKETING_VERSION = 1.0;
				PRODUCT_BUNDLE_IDENTIFIER = co.hartl.Aarle;
				PRODUCT_NAME = aarle;
				SDKROOT = macosx;
				SWIFT_EMIT_LOC_STRINGS = YES;
				SWIFT_VERSION = 5.0;
			};
			name = Debug;
		};
		C59995132781B96700FE1EBA /* Release */ = {
			isa = XCBuildConfiguration;
			buildSettings = {
				ALWAYS_EMBED_SWIFT_STANDARD_LIBRARIES = YES;
				ASSETCATALOG_COMPILER_APPICON_NAME = AppIcon;
				ASSETCATALOG_COMPILER_GLOBAL_ACCENT_COLOR_NAME = AccentColor;
				CODE_SIGN_ENTITLEMENTS = macOS/macOS.entitlements;
				CODE_SIGN_IDENTITY = "Apple Development";
				CODE_SIGN_STYLE = Automatic;
				COMBINE_HIDPI_IMAGES = YES;
				CURRENT_PROJECT_VERSION = 100.5;
				DEVELOPMENT_TEAM = 9E8SXF3Y36;
				ENABLE_HARDENED_RUNTIME = YES;
				ENABLE_PREVIEWS = YES;
				GENERATE_INFOPLIST_FILE = YES;
				INFOPLIST_FILE = "Aarle--macOS--Info.plist";
				INFOPLIST_KEY_LSApplicationCategoryType = "public.app-category.productivity";
				INFOPLIST_KEY_NSHumanReadableCopyright = "";
				LD_RUNPATH_SEARCH_PATHS = (
					"$(inherited)",
					"@executable_path/../Frameworks",
				);
				MACOSX_DEPLOYMENT_TARGET = 13.0;
				MARKETING_VERSION = 1.0;
				PRODUCT_BUNDLE_IDENTIFIER = co.hartl.Aarle;
				PRODUCT_NAME = aarle;
				SDKROOT = macosx;
				SWIFT_EMIT_LOC_STRINGS = YES;
				SWIFT_VERSION = 5.0;
			};
			name = Release;
		};
		C5C9BB6127895F580005086C /* Debug */ = {
			isa = XCBuildConfiguration;
			buildSettings = {
				CODE_SIGN_ENTITLEMENTS = "Aarlo-macOS-ShareExtension/Aarlo_macOS_ShareExtension.entitlements";
				CODE_SIGN_IDENTITY = "Apple Development";
				CODE_SIGN_STYLE = Automatic;
				COMBINE_HIDPI_IMAGES = YES;
				CURRENT_PROJECT_VERSION = 100.5;
				DEVELOPMENT_TEAM = 9E8SXF3Y36;
				ENABLE_HARDENED_RUNTIME = YES;
				GENERATE_INFOPLIST_FILE = YES;
				INFOPLIST_FILE = "Aarlo-macOS-ShareExtension/Info.plist";
				INFOPLIST_KEY_CFBundleDisplayName = "Aarle-macOS-ShareExtension";
				INFOPLIST_KEY_NSHumanReadableCopyright = "";
				LD_RUNPATH_SEARCH_PATHS = (
					"$(inherited)",
					"@executable_path/../Frameworks",
					"@executable_path/../../../../Frameworks",
				);
				MACOSX_DEPLOYMENT_TARGET = 13.0;
				MARKETING_VERSION = 1.0;
				PRODUCT_BUNDLE_IDENTIFIER = "co.hartl.Aarle.Aarle-macOS-ShareExtension";
				PRODUCT_NAME = "$(TARGET_NAME)";
				SDKROOT = macosx;
				SKIP_INSTALL = YES;
				SWIFT_EMIT_LOC_STRINGS = YES;
				SWIFT_VERSION = 5.0;
			};
			name = Debug;
		};
		C5C9BB6227895F580005086C /* Release */ = {
			isa = XCBuildConfiguration;
			buildSettings = {
				CODE_SIGN_ENTITLEMENTS = "Aarlo-macOS-ShareExtension/Aarlo_macOS_ShareExtension.entitlements";
				CODE_SIGN_IDENTITY = "Apple Development";
				CODE_SIGN_STYLE = Automatic;
				COMBINE_HIDPI_IMAGES = YES;
				CURRENT_PROJECT_VERSION = 100.5;
				DEVELOPMENT_TEAM = 9E8SXF3Y36;
				ENABLE_HARDENED_RUNTIME = YES;
				GENERATE_INFOPLIST_FILE = YES;
				INFOPLIST_FILE = "Aarlo-macOS-ShareExtension/Info.plist";
				INFOPLIST_KEY_CFBundleDisplayName = "Aarle-macOS-ShareExtension";
				INFOPLIST_KEY_NSHumanReadableCopyright = "";
				LD_RUNPATH_SEARCH_PATHS = (
					"$(inherited)",
					"@executable_path/../Frameworks",
					"@executable_path/../../../../Frameworks",
				);
				MACOSX_DEPLOYMENT_TARGET = 13.0;
				MARKETING_VERSION = 1.0;
				PRODUCT_BUNDLE_IDENTIFIER = "co.hartl.Aarle.Aarle-macOS-ShareExtension";
				PRODUCT_NAME = "$(TARGET_NAME)";
				SDKROOT = macosx;
				SKIP_INSTALL = YES;
				SWIFT_EMIT_LOC_STRINGS = YES;
				SWIFT_VERSION = 5.0;
			};
			name = Release;
		};
		C5FAE119279BE0ED007E763B /* Debug */ = {
			isa = XCBuildConfiguration;
			buildSettings = {
				CODE_SIGN_ENTITLEMENTS = "Aarlo-iOS-ShareExtension/Aarlo-iOS-ShareExtension.entitlements";
				CODE_SIGN_STYLE = Automatic;
				CURRENT_PROJECT_VERSION = 100.5;
				DEVELOPMENT_TEAM = 9E8SXF3Y36;
				GENERATE_INFOPLIST_FILE = YES;
				INFOPLIST_FILE = "Aarlo-iOS-ShareExtension/Info.plist";
				INFOPLIST_KEY_CFBundleDisplayName = "Aarle-iOS-ShareExtension";
				INFOPLIST_KEY_NSHumanReadableCopyright = "";
				IPHONEOS_DEPLOYMENT_TARGET = 16.0;
				LD_RUNPATH_SEARCH_PATHS = (
					"$(inherited)",
					"@executable_path/Frameworks",
					"@executable_path/../../Frameworks",
				);
				MARKETING_VERSION = 1.0;
				PRODUCT_BUNDLE_IDENTIFIER = "co.hartl.Aarle.Aarle-iOS-ShareExtension";
				PRODUCT_NAME = "$(TARGET_NAME)";
				SDKROOT = iphoneos;
				SKIP_INSTALL = YES;
				SWIFT_EMIT_LOC_STRINGS = YES;
				SWIFT_VERSION = 5.0;
				TARGETED_DEVICE_FAMILY = "1,2";
			};
			name = Debug;
		};
		C5FAE11A279BE0ED007E763B /* Release */ = {
			isa = XCBuildConfiguration;
			buildSettings = {
				CODE_SIGN_ENTITLEMENTS = "Aarlo-iOS-ShareExtension/Aarlo-iOS-ShareExtension.entitlements";
				CODE_SIGN_STYLE = Automatic;
				CURRENT_PROJECT_VERSION = 100.5;
				DEVELOPMENT_TEAM = 9E8SXF3Y36;
				GENERATE_INFOPLIST_FILE = YES;
				INFOPLIST_FILE = "Aarlo-iOS-ShareExtension/Info.plist";
				INFOPLIST_KEY_CFBundleDisplayName = "Aarle-iOS-ShareExtension";
				INFOPLIST_KEY_NSHumanReadableCopyright = "";
				IPHONEOS_DEPLOYMENT_TARGET = 16.0;
				LD_RUNPATH_SEARCH_PATHS = (
					"$(inherited)",
					"@executable_path/Frameworks",
					"@executable_path/../../Frameworks",
				);
				MARKETING_VERSION = 1.0;
				PRODUCT_BUNDLE_IDENTIFIER = "co.hartl.Aarle.Aarle-iOS-ShareExtension";
				PRODUCT_NAME = "$(TARGET_NAME)";
				SDKROOT = iphoneos;
				SKIP_INSTALL = YES;
				SWIFT_EMIT_LOC_STRINGS = YES;
				SWIFT_VERSION = 5.0;
				TARGETED_DEVICE_FAMILY = "1,2";
				VALIDATE_PRODUCT = YES;
			};
			name = Release;
		};
/* End XCBuildConfiguration section */

/* Begin XCConfigurationList section */
		C59994F42781B96500FE1EBA /* Build configuration list for PBXProject "Aarle" */ = {
			isa = XCConfigurationList;
			buildConfigurations = (
				C599950C2781B96700FE1EBA /* Debug */,
				C599950D2781B96700FE1EBA /* Release */,
			);
			defaultConfigurationIsVisible = 0;
			defaultConfigurationName = Release;
		};
		C599950E2781B96700FE1EBA /* Build configuration list for PBXNativeTarget "Aarle (iOS)" */ = {
			isa = XCConfigurationList;
			buildConfigurations = (
				C599950F2781B96700FE1EBA /* Debug */,
				C59995102781B96700FE1EBA /* Release */,
			);
			defaultConfigurationIsVisible = 0;
			defaultConfigurationName = Release;
		};
		C59995112781B96700FE1EBA /* Build configuration list for PBXNativeTarget "Aarle (macOS)" */ = {
			isa = XCConfigurationList;
			buildConfigurations = (
				C59995122781B96700FE1EBA /* Debug */,
				C59995132781B96700FE1EBA /* Release */,
			);
			defaultConfigurationIsVisible = 0;
			defaultConfigurationName = Release;
		};
		C5C9BB6327895F580005086C /* Build configuration list for PBXNativeTarget "Aarle-macOS-ShareExtension" */ = {
			isa = XCConfigurationList;
			buildConfigurations = (
				C5C9BB6127895F580005086C /* Debug */,
				C5C9BB6227895F580005086C /* Release */,
			);
			defaultConfigurationIsVisible = 0;
			defaultConfigurationName = Release;
		};
		C5FAE11B279BE0ED007E763B /* Build configuration list for PBXNativeTarget "Aarle-iOS-ShareExtension" */ = {
			isa = XCConfigurationList;
			buildConfigurations = (
				C5FAE119279BE0ED007E763B /* Debug */,
				C5FAE11A279BE0ED007E763B /* Release */,
			);
			defaultConfigurationIsVisible = 0;
			defaultConfigurationName = Release;
		};
/* End XCConfigurationList section */

/* Begin XCRemoteSwiftPackageReference section */
		C540CEF427AF9B3200432E18 /* XCRemoteSwiftPackageReference "SwiftUI-Introspect" */ = {
			isa = XCRemoteSwiftPackageReference;
			repositoryURL = "https://github.com/siteline/SwiftUI-Introspect";
			requirement = {
				branch = master;
				kind = branch;
			};
		};
		C5782B362782E53800321138 /* XCRemoteSwiftPackageReference "KeychainAccess" */ = {
			isa = XCRemoteSwiftPackageReference;
			repositoryURL = "https://github.com/kishikawakatsumi/KeychainAccess";
			requirement = {
				branch = master;
				kind = branch;
			};
		};
		C599951B2781C93000FE1EBA /* XCRemoteSwiftPackageReference "Swift-JWT" */ = {
			isa = XCRemoteSwiftPackageReference;
			repositoryURL = "https://github.com/Kitura/Swift-JWT";
			requirement = {
				kind = upToNextMajorVersion;
				minimumVersion = 3.0.0;
			};
		};
		C5F71F812784CA7A009CF84C /* XCRemoteSwiftPackageReference "SwiftUIX" */ = {
			isa = XCRemoteSwiftPackageReference;
			repositoryURL = "https://github.com/SwiftUIX/SwiftUIX";
			requirement = {
				branch = master;
				kind = branch;
			};
		};
/* End XCRemoteSwiftPackageReference section */

/* Begin XCSwiftPackageProductDependency section */
		C50342A6294AF02800CF5980 /* Tag */ = {
			isa = XCSwiftPackageProductDependency;
			productName = Tag;
		};
		C50342A8294AF03100CF5980 /* Tag */ = {
			isa = XCSwiftPackageProductDependency;
			productName = Tag;
		};
		C50342AA294AF03600CF5980 /* Tag */ = {
			isa = XCSwiftPackageProductDependency;
			productName = Tag;
		};
		C50342AC294AF03B00CF5980 /* Tag */ = {
			isa = XCSwiftPackageProductDependency;
			productName = Tag;
		};
		C52C60B928D98345000637E1 /* List */ = {
			isa = XCSwiftPackageProductDependency;
			productName = List;
		};
		C52C60BB28D98348000637E1 /* List */ = {
			isa = XCSwiftPackageProductDependency;
			productName = List;
		};
		C52C60BD28D9834D000637E1 /* List */ = {
			isa = XCSwiftPackageProductDependency;
			productName = List;
		};
		C52C60BF28D98353000637E1 /* List */ = {
			isa = XCSwiftPackageProductDependency;
			productName = List;
		};
		C540CEF527AF9B3200432E18 /* Introspect */ = {
			isa = XCSwiftPackageProductDependency;
			package = C540CEF427AF9B3200432E18 /* XCRemoteSwiftPackageReference "SwiftUI-Introspect" */;
			productName = Introspect;
		};
		C540CEF727AF9B3A00432E18 /* Introspect */ = {
			isa = XCSwiftPackageProductDependency;
			package = C540CEF427AF9B3200432E18 /* XCRemoteSwiftPackageReference "SwiftUI-Introspect" */;
			productName = Introspect;
		};
		C540CEF927AF9B3F00432E18 /* Introspect */ = {
			isa = XCSwiftPackageProductDependency;
			package = C540CEF427AF9B3200432E18 /* XCRemoteSwiftPackageReference "SwiftUI-Introspect" */;
			productName = Introspect;
		};
		C540CEFB27AF9B4400432E18 /* Introspect */ = {
			isa = XCSwiftPackageProductDependency;
			package = C540CEF427AF9B3200432E18 /* XCRemoteSwiftPackageReference "SwiftUI-Introspect" */;
			productName = Introspect;
		};
		C54210C02796A6F9000F07DC /* SwiftUIX */ = {
			isa = XCSwiftPackageProductDependency;
			package = C5F71F812784CA7A009CF84C /* XCRemoteSwiftPackageReference "SwiftUIX" */;
			productName = SwiftUIX;
		};
		C54210C22796A6FF000F07DC /* KeychainAccess */ = {
			isa = XCSwiftPackageProductDependency;
			package = C5782B362782E53800321138 /* XCRemoteSwiftPackageReference "KeychainAccess" */;
			productName = KeychainAccess;
		};
		C54210C42796A704000F07DC /* SwiftJWT */ = {
			isa = XCSwiftPackageProductDependency;
			package = C599951B2781C93000FE1EBA /* XCRemoteSwiftPackageReference "Swift-JWT" */;
			productName = SwiftJWT;
		};
		C557ED2128D8272B0037D9A6 /* Navigation */ = {
			isa = XCSwiftPackageProductDependency;
			productName = Navigation;
		};
		C557ED2328D827310037D9A6 /* Navigation */ = {
			isa = XCSwiftPackageProductDependency;
			productName = Navigation;
		};
		C557ED2528D827360037D9A6 /* Navigation */ = {
			isa = XCSwiftPackageProductDependency;
			productName = Navigation;
		};
		C557ED2728D8273C0037D9A6 /* Navigation */ = {
			isa = XCSwiftPackageProductDependency;
			productName = Navigation;
		};
		C5782B372782E53800321138 /* KeychainAccess */ = {
			isa = XCSwiftPackageProductDependency;
			package = C5782B362782E53800321138 /* XCRemoteSwiftPackageReference "KeychainAccess" */;
			productName = KeychainAccess;
		};
		C5782B392782E82800321138 /* KeychainAccess */ = {
			isa = XCSwiftPackageProductDependency;
			package = C5782B362782E53800321138 /* XCRemoteSwiftPackageReference "KeychainAccess" */;
			productName = KeychainAccess;
		};
		C599951C2781C93000FE1EBA /* SwiftJWT */ = {
			isa = XCSwiftPackageProductDependency;
			package = C599951B2781C93000FE1EBA /* XCRemoteSwiftPackageReference "Swift-JWT" */;
			productName = SwiftJWT;
		};
		C599951F2781C93900FE1EBA /* SwiftJWT */ = {
			isa = XCSwiftPackageProductDependency;
			package = C599951B2781C93000FE1EBA /* XCRemoteSwiftPackageReference "Swift-JWT" */;
			productName = SwiftJWT;
		};
		C5EB795028D6E49200D99716 /* Types */ = {
			isa = XCSwiftPackageProductDependency;
			productName = Types;
		};
		C5EB795228D6E49600D99716 /* Types */ = {
			isa = XCSwiftPackageProductDependency;
			productName = Types;
		};
		C5EB795428D6E49B00D99716 /* Types */ = {
			isa = XCSwiftPackageProductDependency;
			productName = Types;
		};
		C5EB795628D6E49E00D99716 /* Types */ = {
			isa = XCSwiftPackageProductDependency;
			productName = Types;
		};
		C5EB795928D6E86700D99716 /* AarleKeychain */ = {
			isa = XCSwiftPackageProductDependency;
			productName = AarleKeychain;
		};
		C5EB795B28D6E86D00D99716 /* AarleKeychain */ = {
			isa = XCSwiftPackageProductDependency;
			productName = AarleKeychain;
		};
		C5EB795D28D6E87300D99716 /* AarleKeychain */ = {
			isa = XCSwiftPackageProductDependency;
			productName = AarleKeychain;
		};
		C5EB795F28D6E87700D99716 /* AarleKeychain */ = {
			isa = XCSwiftPackageProductDependency;
			productName = AarleKeychain;
		};
		C5EB796228D6EAC300D99716 /* Settings */ = {
			isa = XCSwiftPackageProductDependency;
			productName = Settings;
		};
		C5EB796428D6EAC900D99716 /* Settings */ = {
			isa = XCSwiftPackageProductDependency;
			productName = Settings;
		};
		C5EB796628D6EB8800D99716 /* Settings */ = {
			isa = XCSwiftPackageProductDependency;
			productName = Settings;
		};
		C5EB796828D6EB8E00D99716 /* Settings */ = {
			isa = XCSwiftPackageProductDependency;
			productName = Settings;
		};
		C5EB796B28D6F46100D99716 /* Archive */ = {
			isa = XCSwiftPackageProductDependency;
			productName = Archive;
		};
		C5EB796D28D6F46500D99716 /* Archive */ = {
			isa = XCSwiftPackageProductDependency;
			productName = Archive;
		};
		C5EB796F28D6FE1700D99716 /* Archive */ = {
			isa = XCSwiftPackageProductDependency;
			productName = Archive;
		};
		C5EB797128D6FE1C00D99716 /* Archive */ = {
			isa = XCSwiftPackageProductDependency;
			productName = Archive;
		};
		C5F71F822784CA7A009CF84C /* SwiftUIX */ = {
			isa = XCSwiftPackageProductDependency;
			package = C5F71F812784CA7A009CF84C /* XCRemoteSwiftPackageReference "SwiftUIX" */;
			productName = SwiftUIX;
		};
		C5F71F842784CA96009CF84C /* SwiftUIX */ = {
			isa = XCSwiftPackageProductDependency;
			package = C5F71F812784CA7A009CF84C /* XCRemoteSwiftPackageReference "SwiftUIX" */;
			productName = SwiftUIX;
		};
		C5FAE126279BE31F007E763B /* KeychainAccess */ = {
			isa = XCSwiftPackageProductDependency;
			package = C5782B362782E53800321138 /* XCRemoteSwiftPackageReference "KeychainAccess" */;
			productName = KeychainAccess;
		};
		C5FAE128279BE324007E763B /* SwiftJWT */ = {
			isa = XCSwiftPackageProductDependency;
			package = C599951B2781C93000FE1EBA /* XCRemoteSwiftPackageReference "Swift-JWT" */;
			productName = SwiftJWT;
		};
		C5FAE12A279BE324007E763B /* SwiftUIX */ = {
			isa = XCSwiftPackageProductDependency;
			package = C5F71F812784CA7A009CF84C /* XCRemoteSwiftPackageReference "SwiftUIX" */;
			productName = SwiftUIX;
		};
/* End XCSwiftPackageProductDependency section */
	};
	rootObject = C59994F12781B96500FE1EBA /* Project object */;
}
